
Microsoft Visual Studio Solution File, Format Version 10.00
# Visual Studio 2008
Project("{F184B08F-C81C-45F6-A57F-5ABD9991F28F}") = "Sats.App", "Sats.App\Sats.App.vbproj", "{F9C7A2DE-CA47-4650-A8D7-59B5BDF014EB}"
EndProject
Project("{F184B08F-C81C-45F6-A57F-5ABD9991F28F}") = "Sats.AppCore", "Sats.AppCore\Sats.AppCore.vbproj", "{42725B19-7C6C-47BF-87C5-500D7385F3C9}"
EndProject
Project("{F184B08F-C81C-45F6-A57F-5ABD9991F28F}") = "Sats.BDSChannel", "Sats.BDSChannel\Sats.BDSChannel.vbproj", "{A5A2CE71-8230-4E2C-A6ED-890EFE69CAAD}"
EndProject
Project("{F184B08F-C81C-45F6-A57F-5ABD9991F28F}") = "Sats.BDSWindowsService", "Sats.BDSWindowsService\Sats.BDSWindowsService.vbproj", "{5C9EF07F-38E2-4588-8698-332F394AF251}"
EndProject
Project("{F184B08F-C81C-45F6-A57F-5ABD9991F28F}") = "Sats.Branch", "Sats.Branch\Sats.Branch.vbproj", "{3345127E-E56E-494D-AE65-07C7E7CA5F76}"
EndProject
Project("{F184B08F-C81C-45F6-A57F-5ABD9991F28F}") = "Sats.CA", "Sats.CA\Sats.CA.vbproj", "{0B45D491-6275-4CAB-94BE-221C315D4CDF}"
EndProject
Project("{F184B08F-C81C-45F6-A57F-5ABD9991F28F}") = "Sats.CommonLibrary", "Sats.CommonLibrary\Sats.CommonLibrary.vbproj", "{C138351F-E4D5-4512-A868-678035EF592D}"
EndProject
Project("{F184B08F-C81C-45F6-A57F-5ABD9991F28F}") = "Sats.CoreBusiness", "Sats.CoreBusiness\Sats.CoreBusiness.vbproj", "{46AD4DE5-49D0-49E3-8F88-4B8D22B98E0C}"
EndProject
Project("{F184B08F-C81C-45F6-A57F-5ABD9991F28F}") = "Sats.CS", "Sats.CS\Sats.CS.vbproj", "{4241C75C-CCDF-43C3-AEFC-D9C83BCDD1AF}"
EndProject
Project("{F184B08F-C81C-45F6-A57F-5ABD9991F28F}") = "Sats.DataAccessLayer", "Sats.DataAccessLayer\Sats.DataAccessLayer.vbproj", "{E4EB4916-DCB8-42DA-85CB-CD2010423702}"
EndProject
Project("{F184B08F-C81C-45F6-A57F-5ABD9991F28F}") = "Sats.DE", "Sats.DE\Sats.DE.vbproj", "{111A6285-034E-4B1C-85C1-EC3C6734CC3B}"
EndProject
Project("{F184B08F-C81C-45F6-A57F-5ABD9991F28F}") = "Sats.Host", "Sats.Host\Sats.Host.vbproj", "{0A1DD88D-B179-4376-B230-8B017E0BA105}"
EndProject
Project("{F184B08F-C81C-45F6-A57F-5ABD9991F28F}") = "Sats.HOSTChannel", "Sats.HOSTChannel\Sats.HOSTChannel.vbproj", "{D9901610-9323-40CB-9C6D-D04A5370245A}"
EndProject
Project("{F184B08F-C81C-45F6-A57F-5ABD9991F28F}") = "Sats.HOSTWindowsService", "Sats.HOSTWindowsService\Sats.HOSTWindowsService.vbproj", "{A0C586D7-EC26-4903-8438-C76F17CE6D08}"
EndProject
Project("{F184B08F-C81C-45F6-A57F-5ABD9991F28F}") = "Sats.MF", "Sats.MF\Sats.MF.vbproj", "{E58DD386-DB54-46D4-A222-964FB96B20B3}"
EndProject
Project("{F184B08F-C81C-45F6-A57F-5ABD9991F28F}") = "Sats.RG", "Sats.RG\Sats.RG.vbproj", "{DB8A2309-8B57-4F25-B210-46B79DD17C4E}"
EndProject
Project("{F184B08F-C81C-45F6-A57F-5ABD9991F28F}") = "Sats.RP", "Sats.RP\Sats.RP.vbproj", "{6FFDFC7D-AA91-45EA-9C1F-7A80CA6A25B1}"
EndProject
Project("{F184B08F-C81C-45F6-A57F-5ABD9991F28F}") = "Sats.SA", "Sats.SA\Sats.SA.vbproj", "{479A6871-56E1-4C1B-8574-23734A2050C2}"
EndProject
Project("{F184B08F-C81C-45F6-A57F-5ABD9991F28F}") = "Sats.SF", "Sats.SF\Sats.SF.vbproj", "{0FCC375F-7B94-405D-906D-14C62026FF19}"
EndProject
Project("{54435603-DBB4-11D2-8724-00A0C9A8B90C}") = "Sats.Setup", "Sats.Setup\Sats.Setup.vdproj", "{C30930D3-B670-4BA1-BD02-D6CE7F914AF4}"
EndProject
Project("{54435603-DBB4-11D2-8724-00A0C9A8B90C}") = "Sats.SetupBDS", "Sats.SetupBDS\Sats.SetupBDS.vdproj", "{5FEC8EE6-3BC1-425D-8398-0D605622A2E2}"
EndProject
Project("{54435603-DBB4-11D2-8724-00A0C9A8B90C}") = "Sats.SetupHOST", "Sats.SetupHOST\Sats.SetupHOST.vdproj", "{8AE3D9AB-920D-43B9-8C58-8F69B6EDB934}"
EndProject
Project("{F184B08F-C81C-45F6-A57F-5ABD9991F28F}") = "Sats.FR", "Sats.FR\Sats.FR.vbproj", "{F1E0D37B-81FC-4696-B96C-E9A10DAFF6E9}"
EndProject
Project("{F184B08F-C81C-45F6-A57F-5ABD9991F28F}") = "Sats.SD", "Sats.SD\Sats.SD.vbproj", "{E1473961-147D-4ED6-9BDE-729E0D11873A}"
EndProject
Project("{F184B08F-C81C-45F6-A57F-5ABD9991F28F}") = "Sats.SQLEngine", "Sats.SQLEngine\Sats.SQLEngine.vbproj", "{A8B9BC20-A3DE-4618-B4FE-974120867810}"
EndProject
Project("{54435603-DBB4-11D2-8724-00A0C9A8B90C}") = "Sats.ReportFiles", "Sats.ReportFiles\Sats.ReportFiles.vdproj", "{377EC59B-E8E3-4866-94B0-0FC780BD1888}"
EndProject
Project("{F184B08F-C81C-45F6-A57F-5ABD9991F28F}") = "Sats.AutoUpdate", "Sats.AutoUpdate\Sats.AutoUpdate.vbproj", "{9E4E9410-1628-4EEF-90B2-A721B1348252}"
EndProject
Project("{F184B08F-C81C-45F6-A57F-5ABD9991F28F}") = "Sats.UploadUpdateFile", "Sats.UploadUpdateFile\Sats.UploadUpdateFile.vbproj", "{98F8C726-17FD-4D9F-B289-BC9FBE225744}"
EndProject
Project("{F184B08F-C81C-45F6-A57F-5ABD9991F28F}") = "Sats.ActiveDirectory", "Sats.ActiveDirectory\Sats.ActiveDirectory.vbproj", "{517F5322-A7AF-456D-B28C-851AE40D56FB}"
EndProject
Project("{F184B08F-C81C-45F6-A57F-5ABD9991F28F}") = "Sats.ClientCA", "Sats.ClientCA\Sats.ClientCA.vbproj", "{CDDA0B7A-F569-4E1D-9BAB-ECE0F4F82803}"
EndProject
Project("{F184B08F-C81C-45F6-A57F-5ABD9991F28F}") = "Sats.ServerCA", "Sats.ServerCA\Sats.ServerCA.vbproj", "{55E6E2AF-DAB5-44BB-BA8C-33FE4BF1F30F}"
EndProject
Project("{F184B08F-C81C-45F6-A57F-5ABD9991F28F}") = "Sats.Config", "Sats.Config\Sats.Config.vbproj", "{AF1DAB71-4D28-4CA4-9829-4BEA969D3220}"
EndProject
Project("{2150E333-8FDC-42A3-9474-1A3956D46DE8}") = "HostGateService", "HostGateService", "{E7879510-BDFD-4B94-B71C-9106A5E20B81}"
EndProject
Project("{2150E333-8FDC-42A3-9474-1A3956D46DE8}") = "Client", "Client", "{57322BB3-5E56-4351-A942-592D9AAF1549}"
EndProject
Project("{2150E333-8FDC-42A3-9474-1A3956D46DE8}") = "Common", "Common", "{7176513E-C9BB-4A9B-BA98-824C5B2D6F52}"
EndProject
Project("{2150E333-8FDC-42A3-9474-1A3956D46DE8}") = "HostCommon", "HostCommon", "{D2A3FA7A-905E-43C7-85AB-7C47DC24084F}"
EndProject
Project("{2150E333-8FDC-42A3-9474-1A3956D46DE8}") = "Service", "Service", "{16D17518-833D-4C97-ACEA-E866173C8697}"
EndProject
Project("{2150E333-8FDC-42A3-9474-1A3956D46DE8}") = "Setup", "Setup", "{4551F56F-C901-4BDF-9867-243D6FE72A84}"
EndProject
Project("{2150E333-8FDC-42A3-9474-1A3956D46DE8}") = "Modules", "Modules", "{CB8155FD-0783-4DBA-8B30-DCF53BE1D18A}"
EndProject
Project("{2150E333-8FDC-42A3-9474-1A3956D46DE8}") = "CA", "CA", "{EBDA1BF8-1DCD-4051-865F-E883E4F8921F}"
EndProject
Project("{FAE04EC0-301F-11D3-BF4B-00C04F79EFBC}") = "Sats.CachedUtils", "Sats.CachedUtils\Sats.CachedUtils.csproj", "{9772792D-D8C9-4989-BC7B-2D9066D4CE42}"
EndProject
Project("{FAE04EC0-301F-11D3-BF4B-00C04F79EFBC}") = "Sats.GZip", "Sats.GZip\Sats.GZip.csproj", "{35122881-A7D3-4529-A6BA-E7C433654F02}"
EndProject
Project("{FAE04EC0-301F-11D3-BF4B-00C04F79EFBC}") = "Sats.Interface4Gate", "Sats.Interface4Gate\Sats.Interface4Gate.csproj", "{60E275E1-4187-4294-B1D9-616980B12D8E}"
EndProject
Project("{FAE04EC0-301F-11D3-BF4B-00C04F79EFBC}") = "Sats.Utils", "Sats.Utils\Sats.Utils.csproj", "{20A31C06-9280-4C80-BBCA-17DB78CDB706}"
EndProject
Project("{F184B08F-C81C-45F6-A57F-5ABD9991F28F}") = "Sats.HOSTGateWindowsService", "Sats.HOSTGateWindowsService\Sats.HOSTGateWindowsService.vbproj", "{27666EBF-82F7-4365-A0DD-193A42ED62D0}"
EndProject
Project("{54435603-DBB4-11D2-8724-00A0C9A8B90C}") = "Sats.SetupHOSTGate", "Sats.SetupHOSTGate\Sats.SetupHOSTGate.vdproj", "{F0795E53-3398-415E-B304-0D7C2DD09A12}"
EndProject
Project("{2150E333-8FDC-42A3-9474-1A3956D46DE8}") = "Tools", "Tools", "{E440FD27-3591-4682-A0A3-9FA615C84126}"
EndProject
Project("{F184B08F-C81C-45F6-A57F-5ABD9991F28F}") = "TestOracleBulkCopy", "TestOracleBulkCopy\TestOracleBulkCopy.vbproj", "{538553F6-F4CA-4790-9D65-13DB22E9680F}"
EndProject
Project("{FAE04EC0-301F-11D3-BF4B-00C04F79EFBC}") = "ReadHoseDataTool", "ReadHoseDataTool\ReadHoseDataTool.csproj", "{D20CD6BD-5FFA-4880-A8C4-88CBFD8DFAFD}"
EndProject
Project("{F184B08F-C81C-45F6-A57F-5ABD9991F28F}") = "Sats.HOSTReportService", "Sats.HOSTReportService\Sats.HOSTReportService.vbproj", "{51D4AA11-9936-4DCE-BA9A-4FEB92795D80}"
EndProject
Project("{F184B08F-C81C-45F6-A57F-5ABD9991F28F}") = "Sats.HOSTReportChannel", "Sats.HOSTReportChannel\Sats.HOSTReportChannel.vbproj", "{3901AC54-8065-4701-9070-6F8AFDF8BB9B}"
EndProject
Project("{54435603-DBB4-11D2-8724-00A0C9A8B90C}") = "Sats.SetupHOSTReport", "Sats.SetupHOSTReport\Sats.SetupHOSTReport.vdproj", "{0615AF95-C2B6-41FB-AB51-681AEFBB2B55}"
EndProject
Global
	GlobalSection(SolutionConfigurationPlatforms) = preSolution
		Debug|Any CPU = Debug|Any CPU
		Debug|Mixed Platforms = Debug|Mixed Platforms
		Debug|Win32 = Debug|Win32
		Debug|x64 = Debug|x64
		Debug|x86 = Debug|x86
		Release|Any CPU = Release|Any CPU
		Release|Mixed Platforms = Release|Mixed Platforms
		Release|Win32 = Release|Win32
		Release|x64 = Release|x64
		Release|x86 = Release|x86
	EndGlobalSection
	GlobalSection(ProjectConfigurationPlatforms) = postSolution
		{F9C7A2DE-CA47-4650-A8D7-59B5BDF014EB}.Debug|Any CPU.ActiveCfg = Debug|x86
		{F9C7A2DE-CA47-4650-A8D7-59B5BDF014EB}.Debug|Any CPU.Build.0 = Debug|x86
		{F9C7A2DE-CA47-4650-A8D7-59B5BDF014EB}.Debug|Mixed Platforms.ActiveCfg = Debug|x86
		{F9C7A2DE-CA47-4650-A8D7-59B5BDF014EB}.Debug|Mixed Platforms.Build.0 = Debug|x86
		{F9C7A2DE-CA47-4650-A8D7-59B5BDF014EB}.Debug|Win32.ActiveCfg = Debug|Any CPU
		{F9C7A2DE-CA47-4650-A8D7-59B5BDF014EB}.Debug|x64.ActiveCfg = Debug|x64
		{F9C7A2DE-CA47-4650-A8D7-59B5BDF014EB}.Debug|x64.Build.0 = Debug|x64
		{F9C7A2DE-CA47-4650-A8D7-59B5BDF014EB}.Debug|x86.ActiveCfg = Debug|Any CPU
		{F9C7A2DE-CA47-4650-A8D7-59B5BDF014EB}.Release|Any CPU.ActiveCfg = Release|Any CPU
		{F9C7A2DE-CA47-4650-A8D7-59B5BDF014EB}.Release|Any CPU.Build.0 = Release|Any CPU
		{F9C7A2DE-CA47-4650-A8D7-59B5BDF014EB}.Release|Mixed Platforms.ActiveCfg = Release|x86
		{F9C7A2DE-CA47-4650-A8D7-59B5BDF014EB}.Release|Mixed Platforms.Build.0 = Release|x86
		{F9C7A2DE-CA47-4650-A8D7-59B5BDF014EB}.Release|Win32.ActiveCfg = Release|Any CPU
		{F9C7A2DE-CA47-4650-A8D7-59B5BDF014EB}.Release|x64.ActiveCfg = Release|x64
		{F9C7A2DE-CA47-4650-A8D7-59B5BDF014EB}.Release|x64.Build.0 = Release|x64
		{F9C7A2DE-CA47-4650-A8D7-59B5BDF014EB}.Release|x86.ActiveCfg = Release|Any CPU
		{42725B19-7C6C-47BF-87C5-500D7385F3C9}.Debug|Any CPU.ActiveCfg = Debug|Any CPU
		{42725B19-7C6C-47BF-87C5-500D7385F3C9}.Debug|Any CPU.Build.0 = Debug|Any CPU
		{42725B19-7C6C-47BF-87C5-500D7385F3C9}.Debug|Mixed Platforms.ActiveCfg = Debug|Any CPU
		{42725B19-7C6C-47BF-87C5-500D7385F3C9}.Debug|Mixed Platforms.Build.0 = Debug|Any CPU
		{42725B19-7C6C-47BF-87C5-500D7385F3C9}.Debug|Win32.ActiveCfg = Debug|Any CPU
		{42725B19-7C6C-47BF-87C5-500D7385F3C9}.Debug|x64.ActiveCfg = Debug|x64
		{42725B19-7C6C-47BF-87C5-500D7385F3C9}.Debug|x64.Build.0 = Debug|x64
		{42725B19-7C6C-47BF-87C5-500D7385F3C9}.Debug|x86.ActiveCfg = Debug|Any CPU
		{42725B19-7C6C-47BF-87C5-500D7385F3C9}.Release|Any CPU.ActiveCfg = Release|Any CPU
		{42725B19-7C6C-47BF-87C5-500D7385F3C9}.Release|Any CPU.Build.0 = Release|Any CPU
		{42725B19-7C6C-47BF-87C5-500D7385F3C9}.Release|Mixed Platforms.ActiveCfg = Release|Any CPU
		{42725B19-7C6C-47BF-87C5-500D7385F3C9}.Release|Mixed Platforms.Build.0 = Release|Any CPU
		{42725B19-7C6C-47BF-87C5-500D7385F3C9}.Release|Win32.ActiveCfg = Release|Any CPU
		{42725B19-7C6C-47BF-87C5-500D7385F3C9}.Release|x64.ActiveCfg = Release|x64
		{42725B19-7C6C-47BF-87C5-500D7385F3C9}.Release|x64.Build.0 = Release|x64
		{42725B19-7C6C-47BF-87C5-500D7385F3C9}.Release|x86.ActiveCfg = Release|Any CPU
		{A5A2CE71-8230-4E2C-A6ED-890EFE69CAAD}.Debug|Any CPU.ActiveCfg = Debug|Any CPU
		{A5A2CE71-8230-4E2C-A6ED-890EFE69CAAD}.Debug|Any CPU.Build.0 = Debug|Any CPU
		{A5A2CE71-8230-4E2C-A6ED-890EFE69CAAD}.Debug|Mixed Platforms.ActiveCfg = Debug|Any CPU
		{A5A2CE71-8230-4E2C-A6ED-890EFE69CAAD}.Debug|Mixed Platforms.Build.0 = Debug|Any CPU
		{A5A2CE71-8230-4E2C-A6ED-890EFE69CAAD}.Debug|Win32.ActiveCfg = Debug|Any CPU
		{A5A2CE71-8230-4E2C-A6ED-890EFE69CAAD}.Debug|x64.ActiveCfg = Debug|x64
		{A5A2CE71-8230-4E2C-A6ED-890EFE69CAAD}.Debug|x64.Build.0 = Debug|x64
		{A5A2CE71-8230-4E2C-A6ED-890EFE69CAAD}.Debug|x86.ActiveCfg = Debug|Any CPU
		{A5A2CE71-8230-4E2C-A6ED-890EFE69CAAD}.Release|Any CPU.ActiveCfg = Release|Any CPU
		{A5A2CE71-8230-4E2C-A6ED-890EFE69CAAD}.Release|Any CPU.Build.0 = Release|Any CPU
		{A5A2CE71-8230-4E2C-A6ED-890EFE69CAAD}.Release|Mixed Platforms.ActiveCfg = Release|Any CPU
		{A5A2CE71-8230-4E2C-A6ED-890EFE69CAAD}.Release|Mixed Platforms.Build.0 = Release|Any CPU
		{A5A2CE71-8230-4E2C-A6ED-890EFE69CAAD}.Release|Win32.ActiveCfg = Release|Any CPU
		{A5A2CE71-8230-4E2C-A6ED-890EFE69CAAD}.Release|x64.ActiveCfg = Release|x64
		{A5A2CE71-8230-4E2C-A6ED-890EFE69CAAD}.Release|x64.Build.0 = Release|x64
		{A5A2CE71-8230-4E2C-A6ED-890EFE69CAAD}.Release|x86.ActiveCfg = Release|Any CPU
		{5C9EF07F-38E2-4588-8698-332F394AF251}.Debug|Any CPU.ActiveCfg = Debug|Any CPU
		{5C9EF07F-38E2-4588-8698-332F394AF251}.Debug|Any CPU.Build.0 = Debug|Any CPU
		{5C9EF07F-38E2-4588-8698-332F394AF251}.Debug|Mixed Platforms.ActiveCfg = Debug|Any CPU
		{5C9EF07F-38E2-4588-8698-332F394AF251}.Debug|Mixed Platforms.Build.0 = Debug|Any CPU
		{5C9EF07F-38E2-4588-8698-332F394AF251}.Debug|Win32.ActiveCfg = Debug|Any CPU
		{5C9EF07F-38E2-4588-8698-332F394AF251}.Debug|x64.ActiveCfg = Debug|x64
		{5C9EF07F-38E2-4588-8698-332F394AF251}.Debug|x64.Build.0 = Debug|x64
		{5C9EF07F-38E2-4588-8698-332F394AF251}.Debug|x86.ActiveCfg = Debug|Any CPU
		{5C9EF07F-38E2-4588-8698-332F394AF251}.Release|Any CPU.ActiveCfg = Release|Any CPU
		{5C9EF07F-38E2-4588-8698-332F394AF251}.Release|Any CPU.Build.0 = Release|Any CPU
		{5C9EF07F-38E2-4588-8698-332F394AF251}.Release|Mixed Platforms.ActiveCfg = Release|Any CPU
		{5C9EF07F-38E2-4588-8698-332F394AF251}.Release|Mixed Platforms.Build.0 = Release|Any CPU
		{5C9EF07F-38E2-4588-8698-332F394AF251}.Release|Win32.ActiveCfg = Release|Any CPU
		{5C9EF07F-38E2-4588-8698-332F394AF251}.Release|x64.ActiveCfg = Release|x64
		{5C9EF07F-38E2-4588-8698-332F394AF251}.Release|x64.Build.0 = Release|x64
		{5C9EF07F-38E2-4588-8698-332F394AF251}.Release|x86.ActiveCfg = Release|Any CPU
		{3345127E-E56E-494D-AE65-07C7E7CA5F76}.Debug|Any CPU.ActiveCfg = Debug|Any CPU
		{3345127E-E56E-494D-AE65-07C7E7CA5F76}.Debug|Any CPU.Build.0 = Debug|Any CPU
		{3345127E-E56E-494D-AE65-07C7E7CA5F76}.Debug|Mixed Platforms.ActiveCfg = Debug|Any CPU
		{3345127E-E56E-494D-AE65-07C7E7CA5F76}.Debug|Mixed Platforms.Build.0 = Debug|Any CPU
		{3345127E-E56E-494D-AE65-07C7E7CA5F76}.Debug|Win32.ActiveCfg = Debug|Any CPU
		{3345127E-E56E-494D-AE65-07C7E7CA5F76}.Debug|x64.ActiveCfg = Debug|x64
		{3345127E-E56E-494D-AE65-07C7E7CA5F76}.Debug|x64.Build.0 = Debug|x64
		{3345127E-E56E-494D-AE65-07C7E7CA5F76}.Debug|x86.ActiveCfg = Debug|Any CPU
		{3345127E-E56E-494D-AE65-07C7E7CA5F76}.Release|Any CPU.ActiveCfg = Release|Any CPU
		{3345127E-E56E-494D-AE65-07C7E7CA5F76}.Release|Any CPU.Build.0 = Release|Any CPU
		{3345127E-E56E-494D-AE65-07C7E7CA5F76}.Release|Mixed Platforms.ActiveCfg = Release|Any CPU
		{3345127E-E56E-494D-AE65-07C7E7CA5F76}.Release|Mixed Platforms.Build.0 = Release|Any CPU
		{3345127E-E56E-494D-AE65-07C7E7CA5F76}.Release|Win32.ActiveCfg = Release|Any CPU
		{3345127E-E56E-494D-AE65-07C7E7CA5F76}.Release|x64.ActiveCfg = Release|x64
		{3345127E-E56E-494D-AE65-07C7E7CA5F76}.Release|x64.Build.0 = Release|x64
		{3345127E-E56E-494D-AE65-07C7E7CA5F76}.Release|x86.ActiveCfg = Release|Any CPU
		{0B45D491-6275-4CAB-94BE-221C315D4CDF}.Debug|Any CPU.ActiveCfg = Debug|Any CPU
		{0B45D491-6275-4CAB-94BE-221C315D4CDF}.Debug|Any CPU.Build.0 = Debug|Any CPU
		{0B45D491-6275-4CAB-94BE-221C315D4CDF}.Debug|Mixed Platforms.ActiveCfg = Debug|Any CPU
		{0B45D491-6275-4CAB-94BE-221C315D4CDF}.Debug|Mixed Platforms.Build.0 = Debug|Any CPU
		{0B45D491-6275-4CAB-94BE-221C315D4CDF}.Debug|Win32.ActiveCfg = Debug|Any CPU
		{0B45D491-6275-4CAB-94BE-221C315D4CDF}.Debug|x64.ActiveCfg = Debug|x64
		{0B45D491-6275-4CAB-94BE-221C315D4CDF}.Debug|x64.Build.0 = Debug|x64
		{0B45D491-6275-4CAB-94BE-221C315D4CDF}.Debug|x86.ActiveCfg = Debug|Any CPU
		{0B45D491-6275-4CAB-94BE-221C315D4CDF}.Release|Any CPU.ActiveCfg = Release|Any CPU
		{0B45D491-6275-4CAB-94BE-221C315D4CDF}.Release|Any CPU.Build.0 = Release|Any CPU
		{0B45D491-6275-4CAB-94BE-221C315D4CDF}.Release|Mixed Platforms.ActiveCfg = Release|Any CPU
		{0B45D491-6275-4CAB-94BE-221C315D4CDF}.Release|Mixed Platforms.Build.0 = Release|Any CPU
		{0B45D491-6275-4CAB-94BE-221C315D4CDF}.Release|Win32.ActiveCfg = Release|Any CPU
		{0B45D491-6275-4CAB-94BE-221C315D4CDF}.Release|x64.ActiveCfg = Release|x64
		{0B45D491-6275-4CAB-94BE-221C315D4CDF}.Release|x64.Build.0 = Release|x64
		{0B45D491-6275-4CAB-94BE-221C315D4CDF}.Release|x86.ActiveCfg = Release|Any CPU
		{C138351F-E4D5-4512-A868-678035EF592D}.Debug|Any CPU.ActiveCfg = Debug|Any CPU
		{C138351F-E4D5-4512-A868-678035EF592D}.Debug|Any CPU.Build.0 = Debug|Any CPU
		{C138351F-E4D5-4512-A868-678035EF592D}.Debug|Mixed Platforms.ActiveCfg = Debug|Any CPU
		{C138351F-E4D5-4512-A868-678035EF592D}.Debug|Mixed Platforms.Build.0 = Debug|Any CPU
		{C138351F-E4D5-4512-A868-678035EF592D}.Debug|Win32.ActiveCfg = Debug|Any CPU
		{C138351F-E4D5-4512-A868-678035EF592D}.Debug|x64.ActiveCfg = Debug|x64
		{C138351F-E4D5-4512-A868-678035EF592D}.Debug|x64.Build.0 = Debug|x64
		{C138351F-E4D5-4512-A868-678035EF592D}.Debug|x86.ActiveCfg = Debug|Any CPU
		{C138351F-E4D5-4512-A868-678035EF592D}.Release|Any CPU.ActiveCfg = Release|Any CPU
		{C138351F-E4D5-4512-A868-678035EF592D}.Release|Any CPU.Build.0 = Release|Any CPU
		{C138351F-E4D5-4512-A868-678035EF592D}.Release|Mixed Platforms.ActiveCfg = Release|Any CPU
		{C138351F-E4D5-4512-A868-678035EF592D}.Release|Mixed Platforms.Build.0 = Release|Any CPU
		{C138351F-E4D5-4512-A868-678035EF592D}.Release|Win32.ActiveCfg = Release|Any CPU
		{C138351F-E4D5-4512-A868-678035EF592D}.Release|x64.ActiveCfg = Release|x64
		{C138351F-E4D5-4512-A868-678035EF592D}.Release|x64.Build.0 = Release|x64
		{C138351F-E4D5-4512-A868-678035EF592D}.Release|x86.ActiveCfg = Release|Any CPU
		{46AD4DE5-49D0-49E3-8F88-4B8D22B98E0C}.Debug|Any CPU.ActiveCfg = Debug|Any CPU
		{46AD4DE5-49D0-49E3-8F88-4B8D22B98E0C}.Debug|Any CPU.Build.0 = Debug|Any CPU
		{46AD4DE5-49D0-49E3-8F88-4B8D22B98E0C}.Debug|Mixed Platforms.ActiveCfg = Debug|Any CPU
		{46AD4DE5-49D0-49E3-8F88-4B8D22B98E0C}.Debug|Mixed Platforms.Build.0 = Debug|Any CPU
		{46AD4DE5-49D0-49E3-8F88-4B8D22B98E0C}.Debug|Win32.ActiveCfg = Debug|Any CPU
		{46AD4DE5-49D0-49E3-8F88-4B8D22B98E0C}.Debug|x64.ActiveCfg = Debug|x64
		{46AD4DE5-49D0-49E3-8F88-4B8D22B98E0C}.Debug|x64.Build.0 = Debug|x64
		{46AD4DE5-49D0-49E3-8F88-4B8D22B98E0C}.Debug|x86.ActiveCfg = Debug|Any CPU
		{46AD4DE5-49D0-49E3-8F88-4B8D22B98E0C}.Release|Any CPU.ActiveCfg = Release|Any CPU
		{46AD4DE5-49D0-49E3-8F88-4B8D22B98E0C}.Release|Any CPU.Build.0 = Release|Any CPU
		{46AD4DE5-49D0-49E3-8F88-4B8D22B98E0C}.Release|Mixed Platforms.ActiveCfg = Release|Any CPU
		{46AD4DE5-49D0-49E3-8F88-4B8D22B98E0C}.Release|Mixed Platforms.Build.0 = Release|Any CPU
		{46AD4DE5-49D0-49E3-8F88-4B8D22B98E0C}.Release|Win32.ActiveCfg = Release|Any CPU
		{46AD4DE5-49D0-49E3-8F88-4B8D22B98E0C}.Release|x64.ActiveCfg = Release|x64
		{46AD4DE5-49D0-49E3-8F88-4B8D22B98E0C}.Release|x64.Build.0 = Release|x64
		{46AD4DE5-49D0-49E3-8F88-4B8D22B98E0C}.Release|x86.ActiveCfg = Release|Any CPU
		{4241C75C-CCDF-43C3-AEFC-D9C83BCDD1AF}.Debug|Any CPU.ActiveCfg = Debug|Any CPU
		{4241C75C-CCDF-43C3-AEFC-D9C83BCDD1AF}.Debug|Any CPU.Build.0 = Debug|Any CPU
		{4241C75C-CCDF-43C3-AEFC-D9C83BCDD1AF}.Debug|Mixed Platforms.ActiveCfg = Debug|Any CPU
		{4241C75C-CCDF-43C3-AEFC-D9C83BCDD1AF}.Debug|Mixed Platforms.Build.0 = Debug|Any CPU
		{4241C75C-CCDF-43C3-AEFC-D9C83BCDD1AF}.Debug|Win32.ActiveCfg = Debug|Any CPU
		{4241C75C-CCDF-43C3-AEFC-D9C83BCDD1AF}.Debug|x64.ActiveCfg = Debug|x64
		{4241C75C-CCDF-43C3-AEFC-D9C83BCDD1AF}.Debug|x64.Build.0 = Debug|x64
		{4241C75C-CCDF-43C3-AEFC-D9C83BCDD1AF}.Debug|x86.ActiveCfg = Debug|Any CPU
		{4241C75C-CCDF-43C3-AEFC-D9C83BCDD1AF}.Release|Any CPU.ActiveCfg = Release|Any CPU
		{4241C75C-CCDF-43C3-AEFC-D9C83BCDD1AF}.Release|Any CPU.Build.0 = Release|Any CPU
		{4241C75C-CCDF-43C3-AEFC-D9C83BCDD1AF}.Release|Mixed Platforms.ActiveCfg = Release|Any CPU
		{4241C75C-CCDF-43C3-AEFC-D9C83BCDD1AF}.Release|Mixed Platforms.Build.0 = Release|Any CPU
		{4241C75C-CCDF-43C3-AEFC-D9C83BCDD1AF}.Release|Win32.ActiveCfg = Release|Any CPU
		{4241C75C-CCDF-43C3-AEFC-D9C83BCDD1AF}.Release|x64.ActiveCfg = Release|x64
		{4241C75C-CCDF-43C3-AEFC-D9C83BCDD1AF}.Release|x64.Build.0 = Release|x64
		{4241C75C-CCDF-43C3-AEFC-D9C83BCDD1AF}.Release|x86.ActiveCfg = Release|Any CPU
		{E4EB4916-DCB8-42DA-85CB-CD2010423702}.Debug|Any CPU.ActiveCfg = Debug|Any CPU
		{E4EB4916-DCB8-42DA-85CB-CD2010423702}.Debug|Any CPU.Build.0 = Debug|Any CPU
		{E4EB4916-DCB8-42DA-85CB-CD2010423702}.Debug|Mixed Platforms.ActiveCfg = Debug|Any CPU
		{E4EB4916-DCB8-42DA-85CB-CD2010423702}.Debug|Mixed Platforms.Build.0 = Debug|Any CPU
		{E4EB4916-DCB8-42DA-85CB-CD2010423702}.Debug|Win32.ActiveCfg = Debug|Any CPU
		{E4EB4916-DCB8-42DA-85CB-CD2010423702}.Debug|x64.ActiveCfg = Debug|x64
		{E4EB4916-DCB8-42DA-85CB-CD2010423702}.Debug|x64.Build.0 = Debug|x64
		{E4EB4916-DCB8-42DA-85CB-CD2010423702}.Debug|x86.ActiveCfg = Debug|Any CPU
		{E4EB4916-DCB8-42DA-85CB-CD2010423702}.Release|Any CPU.ActiveCfg = Release|Any CPU
		{E4EB4916-DCB8-42DA-85CB-CD2010423702}.Release|Any CPU.Build.0 = Release|Any CPU
		{E4EB4916-DCB8-42DA-85CB-CD2010423702}.Release|Mixed Platforms.ActiveCfg = Release|Any CPU
		{E4EB4916-DCB8-42DA-85CB-CD2010423702}.Release|Mixed Platforms.Build.0 = Release|Any CPU
		{E4EB4916-DCB8-42DA-85CB-CD2010423702}.Release|Win32.ActiveCfg = Release|Any CPU
		{E4EB4916-DCB8-42DA-85CB-CD2010423702}.Release|x64.ActiveCfg = Release|x64
		{E4EB4916-DCB8-42DA-85CB-CD2010423702}.Release|x64.Build.0 = Release|x64
		{E4EB4916-DCB8-42DA-85CB-CD2010423702}.Release|x86.ActiveCfg = Release|Any CPU
		{111A6285-034E-4B1C-85C1-EC3C6734CC3B}.Debug|Any CPU.ActiveCfg = Debug|Any CPU
		{111A6285-034E-4B1C-85C1-EC3C6734CC3B}.Debug|Any CPU.Build.0 = Debug|Any CPU
		{111A6285-034E-4B1C-85C1-EC3C6734CC3B}.Debug|Mixed Platforms.ActiveCfg = Debug|Any CPU
		{111A6285-034E-4B1C-85C1-EC3C6734CC3B}.Debug|Mixed Platforms.Build.0 = Debug|Any CPU
		{111A6285-034E-4B1C-85C1-EC3C6734CC3B}.Debug|Win32.ActiveCfg = Debug|Any CPU
		{111A6285-034E-4B1C-85C1-EC3C6734CC3B}.Debug|x64.ActiveCfg = Debug|x64
		{111A6285-034E-4B1C-85C1-EC3C6734CC3B}.Debug|x64.Build.0 = Debug|x64
		{111A6285-034E-4B1C-85C1-EC3C6734CC3B}.Debug|x86.ActiveCfg = Debug|Any CPU
		{111A6285-034E-4B1C-85C1-EC3C6734CC3B}.Release|Any CPU.ActiveCfg = Release|Any CPU
		{111A6285-034E-4B1C-85C1-EC3C6734CC3B}.Release|Any CPU.Build.0 = Release|Any CPU
		{111A6285-034E-4B1C-85C1-EC3C6734CC3B}.Release|Mixed Platforms.ActiveCfg = Release|Any CPU
		{111A6285-034E-4B1C-85C1-EC3C6734CC3B}.Release|Mixed Platforms.Build.0 = Release|Any CPU
		{111A6285-034E-4B1C-85C1-EC3C6734CC3B}.Release|Win32.ActiveCfg = Release|Any CPU
		{111A6285-034E-4B1C-85C1-EC3C6734CC3B}.Release|x64.ActiveCfg = Release|x64
		{111A6285-034E-4B1C-85C1-EC3C6734CC3B}.Release|x64.Build.0 = Release|x64
		{111A6285-034E-4B1C-85C1-EC3C6734CC3B}.Release|x86.ActiveCfg = Release|Any CPU
		{0A1DD88D-B179-4376-B230-8B017E0BA105}.Debug|Any CPU.ActiveCfg = Debug|Any CPU
		{0A1DD88D-B179-4376-B230-8B017E0BA105}.Debug|Any CPU.Build.0 = Debug|Any CPU
		{0A1DD88D-B179-4376-B230-8B017E0BA105}.Debug|Mixed Platforms.ActiveCfg = Debug|Any CPU
		{0A1DD88D-B179-4376-B230-8B017E0BA105}.Debug|Mixed Platforms.Build.0 = Debug|Any CPU
		{0A1DD88D-B179-4376-B230-8B017E0BA105}.Debug|Win32.ActiveCfg = Debug|Any CPU
		{0A1DD88D-B179-4376-B230-8B017E0BA105}.Debug|x64.ActiveCfg = Debug|x64
		{0A1DD88D-B179-4376-B230-8B017E0BA105}.Debug|x64.Build.0 = Debug|x64
		{0A1DD88D-B179-4376-B230-8B017E0BA105}.Debug|x86.ActiveCfg = Debug|Any CPU
		{0A1DD88D-B179-4376-B230-8B017E0BA105}.Release|Any CPU.ActiveCfg = Release|Any CPU
		{0A1DD88D-B179-4376-B230-8B017E0BA105}.Release|Any CPU.Build.0 = Release|Any CPU
		{0A1DD88D-B179-4376-B230-8B017E0BA105}.Release|Mixed Platforms.ActiveCfg = Release|Any CPU
		{0A1DD88D-B179-4376-B230-8B017E0BA105}.Release|Mixed Platforms.Build.0 = Release|Any CPU
		{0A1DD88D-B179-4376-B230-8B017E0BA105}.Release|Win32.ActiveCfg = Release|Any CPU
		{0A1DD88D-B179-4376-B230-8B017E0BA105}.Release|x64.ActiveCfg = Release|x64
		{0A1DD88D-B179-4376-B230-8B017E0BA105}.Release|x64.Build.0 = Release|x64
		{0A1DD88D-B179-4376-B230-8B017E0BA105}.Release|x86.ActiveCfg = Release|Any CPU
		{D9901610-9323-40CB-9C6D-D04A5370245A}.Debug|Any CPU.ActiveCfg = Debug|Any CPU
		{D9901610-9323-40CB-9C6D-D04A5370245A}.Debug|Any CPU.Build.0 = Debug|Any CPU
		{D9901610-9323-40CB-9C6D-D04A5370245A}.Debug|Mixed Platforms.ActiveCfg = Debug|Any CPU
		{D9901610-9323-40CB-9C6D-D04A5370245A}.Debug|Mixed Platforms.Build.0 = Debug|Any CPU
		{D9901610-9323-40CB-9C6D-D04A5370245A}.Debug|Win32.ActiveCfg = Debug|Any CPU
		{D9901610-9323-40CB-9C6D-D04A5370245A}.Debug|x64.ActiveCfg = Debug|x64
		{D9901610-9323-40CB-9C6D-D04A5370245A}.Debug|x64.Build.0 = Debug|x64
		{D9901610-9323-40CB-9C6D-D04A5370245A}.Debug|x86.ActiveCfg = Debug|Any CPU
		{D9901610-9323-40CB-9C6D-D04A5370245A}.Release|Any CPU.ActiveCfg = Release|Any CPU
		{D9901610-9323-40CB-9C6D-D04A5370245A}.Release|Any CPU.Build.0 = Release|Any CPU
		{D9901610-9323-40CB-9C6D-D04A5370245A}.Release|Mixed Platforms.ActiveCfg = Release|Any CPU
		{D9901610-9323-40CB-9C6D-D04A5370245A}.Release|Mixed Platforms.Build.0 = Release|Any CPU
		{D9901610-9323-40CB-9C6D-D04A5370245A}.Release|Win32.ActiveCfg = Release|Any CPU
		{D9901610-9323-40CB-9C6D-D04A5370245A}.Release|x64.ActiveCfg = Release|x64
		{D9901610-9323-40CB-9C6D-D04A5370245A}.Release|x64.Build.0 = Release|x64
		{D9901610-9323-40CB-9C6D-D04A5370245A}.Release|x86.ActiveCfg = Release|Any CPU
		{A0C586D7-EC26-4903-8438-C76F17CE6D08}.Debug|Any CPU.ActiveCfg = Debug|Any CPU
		{A0C586D7-EC26-4903-8438-C76F17CE6D08}.Debug|Any CPU.Build.0 = Debug|Any CPU
		{A0C586D7-EC26-4903-8438-C76F17CE6D08}.Debug|Mixed Platforms.ActiveCfg = Debug|Any CPU
		{A0C586D7-EC26-4903-8438-C76F17CE6D08}.Debug|Mixed Platforms.Build.0 = Debug|Any CPU
		{A0C586D7-EC26-4903-8438-C76F17CE6D08}.Debug|Win32.ActiveCfg = Debug|Any CPU
		{A0C586D7-EC26-4903-8438-C76F17CE6D08}.Debug|x64.ActiveCfg = Debug|x64
		{A0C586D7-EC26-4903-8438-C76F17CE6D08}.Debug|x64.Build.0 = Debug|x64
		{A0C586D7-EC26-4903-8438-C76F17CE6D08}.Debug|x86.ActiveCfg = Debug|Any CPU
		{A0C586D7-EC26-4903-8438-C76F17CE6D08}.Release|Any CPU.ActiveCfg = Release|Any CPU
		{A0C586D7-EC26-4903-8438-C76F17CE6D08}.Release|Any CPU.Build.0 = Release|Any CPU
		{A0C586D7-EC26-4903-8438-C76F17CE6D08}.Release|Mixed Platforms.ActiveCfg = Release|Any CPU
		{A0C586D7-EC26-4903-8438-C76F17CE6D08}.Release|Mixed Platforms.Build.0 = Release|Any CPU
		{A0C586D7-EC26-4903-8438-C76F17CE6D08}.Release|Win32.ActiveCfg = Release|Any CPU
		{A0C586D7-EC26-4903-8438-C76F17CE6D08}.Release|x64.ActiveCfg = Release|x64
		{A0C586D7-EC26-4903-8438-C76F17CE6D08}.Release|x64.Build.0 = Release|x64
		{A0C586D7-EC26-4903-8438-C76F17CE6D08}.Release|x86.ActiveCfg = Release|Any CPU
		{E58DD386-DB54-46D4-A222-964FB96B20B3}.Debug|Any CPU.ActiveCfg = Debug|Any CPU
		{E58DD386-DB54-46D4-A222-964FB96B20B3}.Debug|Any CPU.Build.0 = Debug|Any CPU
		{E58DD386-DB54-46D4-A222-964FB96B20B3}.Debug|Mixed Platforms.ActiveCfg = Debug|Any CPU
		{E58DD386-DB54-46D4-A222-964FB96B20B3}.Debug|Mixed Platforms.Build.0 = Debug|Any CPU
		{E58DD386-DB54-46D4-A222-964FB96B20B3}.Debug|Win32.ActiveCfg = Debug|Any CPU
		{E58DD386-DB54-46D4-A222-964FB96B20B3}.Debug|x64.ActiveCfg = Debug|x64
		{E58DD386-DB54-46D4-A222-964FB96B20B3}.Debug|x64.Build.0 = Debug|x64
		{E58DD386-DB54-46D4-A222-964FB96B20B3}.Debug|x86.ActiveCfg = Debug|Any CPU
		{E58DD386-DB54-46D4-A222-964FB96B20B3}.Release|Any CPU.ActiveCfg = Release|Any CPU
		{E58DD386-DB54-46D4-A222-964FB96B20B3}.Release|Any CPU.Build.0 = Release|Any CPU
		{E58DD386-DB54-46D4-A222-964FB96B20B3}.Release|Mixed Platforms.ActiveCfg = Release|Any CPU
		{E58DD386-DB54-46D4-A222-964FB96B20B3}.Release|Mixed Platforms.Build.0 = Release|Any CPU
		{E58DD386-DB54-46D4-A222-964FB96B20B3}.Release|Win32.ActiveCfg = Release|Any CPU
		{E58DD386-DB54-46D4-A222-964FB96B20B3}.Release|x64.ActiveCfg = Release|x64
		{E58DD386-DB54-46D4-A222-964FB96B20B3}.Release|x64.Build.0 = Release|x64
		{E58DD386-DB54-46D4-A222-964FB96B20B3}.Release|x86.ActiveCfg = Release|Any CPU
		{DB8A2309-8B57-4F25-B210-46B79DD17C4E}.Debug|Any CPU.ActiveCfg = Debug|Any CPU
		{DB8A2309-8B57-4F25-B210-46B79DD17C4E}.Debug|Any CPU.Build.0 = Debug|Any CPU
		{DB8A2309-8B57-4F25-B210-46B79DD17C4E}.Debug|Mixed Platforms.ActiveCfg = Debug|Any CPU
		{DB8A2309-8B57-4F25-B210-46B79DD17C4E}.Debug|Mixed Platforms.Build.0 = Debug|Any CPU
		{DB8A2309-8B57-4F25-B210-46B79DD17C4E}.Debug|Win32.ActiveCfg = Debug|Any CPU
		{DB8A2309-8B57-4F25-B210-46B79DD17C4E}.Debug|x64.ActiveCfg = Debug|x64
		{DB8A2309-8B57-4F25-B210-46B79DD17C4E}.Debug|x64.Build.0 = Debug|x64
		{DB8A2309-8B57-4F25-B210-46B79DD17C4E}.Debug|x86.ActiveCfg = Debug|Any CPU
		{DB8A2309-8B57-4F25-B210-46B79DD17C4E}.Release|Any CPU.ActiveCfg = Release|Any CPU
		{DB8A2309-8B57-4F25-B210-46B79DD17C4E}.Release|Any CPU.Build.0 = Release|Any CPU
		{DB8A2309-8B57-4F25-B210-46B79DD17C4E}.Release|Mixed Platforms.ActiveCfg = Release|Any CPU
		{DB8A2309-8B57-4F25-B210-46B79DD17C4E}.Release|Mixed Platforms.Build.0 = Release|Any CPU
		{DB8A2309-8B57-4F25-B210-46B79DD17C4E}.Release|Win32.ActiveCfg = Release|Any CPU
		{DB8A2309-8B57-4F25-B210-46B79DD17C4E}.Release|x64.ActiveCfg = Release|x64
		{DB8A2309-8B57-4F25-B210-46B79DD17C4E}.Release|x64.Build.0 = Release|x64
		{DB8A2309-8B57-4F25-B210-46B79DD17C4E}.Release|x86.ActiveCfg = Release|Any CPU
		{6FFDFC7D-AA91-45EA-9C1F-7A80CA6A25B1}.Debug|Any CPU.ActiveCfg = Debug|Any CPU
		{6FFDFC7D-AA91-45EA-9C1F-7A80CA6A25B1}.Debug|Any CPU.Build.0 = Debug|Any CPU
		{6FFDFC7D-AA91-45EA-9C1F-7A80CA6A25B1}.Debug|Mixed Platforms.ActiveCfg = Debug|Any CPU
		{6FFDFC7D-AA91-45EA-9C1F-7A80CA6A25B1}.Debug|Mixed Platforms.Build.0 = Debug|Any CPU
		{6FFDFC7D-AA91-45EA-9C1F-7A80CA6A25B1}.Debug|Win32.ActiveCfg = Debug|Any CPU
		{6FFDFC7D-AA91-45EA-9C1F-7A80CA6A25B1}.Debug|x64.ActiveCfg = Debug|x64
		{6FFDFC7D-AA91-45EA-9C1F-7A80CA6A25B1}.Debug|x64.Build.0 = Debug|x64
		{6FFDFC7D-AA91-45EA-9C1F-7A80CA6A25B1}.Debug|x86.ActiveCfg = Debug|Any CPU
		{6FFDFC7D-AA91-45EA-9C1F-7A80CA6A25B1}.Release|Any CPU.ActiveCfg = Release|Any CPU
		{6FFDFC7D-AA91-45EA-9C1F-7A80CA6A25B1}.Release|Any CPU.Build.0 = Release|Any CPU
		{6FFDFC7D-AA91-45EA-9C1F-7A80CA6A25B1}.Release|Mixed Platforms.ActiveCfg = Release|Any CPU
		{6FFDFC7D-AA91-45EA-9C1F-7A80CA6A25B1}.Release|Mixed Platforms.Build.0 = Release|Any CPU
		{6FFDFC7D-AA91-45EA-9C1F-7A80CA6A25B1}.Release|Win32.ActiveCfg = Release|Any CPU
		{6FFDFC7D-AA91-45EA-9C1F-7A80CA6A25B1}.Release|x64.ActiveCfg = Release|x64
		{6FFDFC7D-AA91-45EA-9C1F-7A80CA6A25B1}.Release|x64.Build.0 = Release|x64
		{6FFDFC7D-AA91-45EA-9C1F-7A80CA6A25B1}.Release|x86.ActiveCfg = Release|Any CPU
		{479A6871-56E1-4C1B-8574-23734A2050C2}.Debug|Any CPU.ActiveCfg = Debug|Any CPU
		{479A6871-56E1-4C1B-8574-23734A2050C2}.Debug|Any CPU.Build.0 = Debug|Any CPU
		{479A6871-56E1-4C1B-8574-23734A2050C2}.Debug|Mixed Platforms.ActiveCfg = Debug|Any CPU
		{479A6871-56E1-4C1B-8574-23734A2050C2}.Debug|Mixed Platforms.Build.0 = Debug|Any CPU
		{479A6871-56E1-4C1B-8574-23734A2050C2}.Debug|Win32.ActiveCfg = Debug|Any CPU
		{479A6871-56E1-4C1B-8574-23734A2050C2}.Debug|x64.ActiveCfg = Debug|x64
		{479A6871-56E1-4C1B-8574-23734A2050C2}.Debug|x64.Build.0 = Debug|x64
		{479A6871-56E1-4C1B-8574-23734A2050C2}.Debug|x86.ActiveCfg = Debug|Any CPU
		{479A6871-56E1-4C1B-8574-23734A2050C2}.Release|Any CPU.ActiveCfg = Release|Any CPU
		{479A6871-56E1-4C1B-8574-23734A2050C2}.Release|Any CPU.Build.0 = Release|Any CPU
		{479A6871-56E1-4C1B-8574-23734A2050C2}.Release|Mixed Platforms.ActiveCfg = Release|Any CPU
		{479A6871-56E1-4C1B-8574-23734A2050C2}.Release|Mixed Platforms.Build.0 = Release|Any CPU
		{479A6871-56E1-4C1B-8574-23734A2050C2}.Release|Win32.ActiveCfg = Release|Any CPU
		{479A6871-56E1-4C1B-8574-23734A2050C2}.Release|x64.ActiveCfg = Release|x64
		{479A6871-56E1-4C1B-8574-23734A2050C2}.Release|x64.Build.0 = Release|x64
		{479A6871-56E1-4C1B-8574-23734A2050C2}.Release|x86.ActiveCfg = Release|Any CPU
		{0FCC375F-7B94-405D-906D-14C62026FF19}.Debug|Any CPU.ActiveCfg = Debug|Any CPU
		{0FCC375F-7B94-405D-906D-14C62026FF19}.Debug|Any CPU.Build.0 = Debug|Any CPU
		{0FCC375F-7B94-405D-906D-14C62026FF19}.Debug|Mixed Platforms.ActiveCfg = Debug|Any CPU
		{0FCC375F-7B94-405D-906D-14C62026FF19}.Debug|Mixed Platforms.Build.0 = Debug|Any CPU
		{0FCC375F-7B94-405D-906D-14C62026FF19}.Debug|Win32.ActiveCfg = Debug|Any CPU
		{0FCC375F-7B94-405D-906D-14C62026FF19}.Debug|x64.ActiveCfg = Debug|x64
		{0FCC375F-7B94-405D-906D-14C62026FF19}.Debug|x64.Build.0 = Debug|x64
		{0FCC375F-7B94-405D-906D-14C62026FF19}.Debug|x86.ActiveCfg = Debug|Any CPU
		{0FCC375F-7B94-405D-906D-14C62026FF19}.Release|Any CPU.ActiveCfg = Release|Any CPU
		{0FCC375F-7B94-405D-906D-14C62026FF19}.Release|Any CPU.Build.0 = Release|Any CPU
		{0FCC375F-7B94-405D-906D-14C62026FF19}.Release|Mixed Platforms.ActiveCfg = Release|Any CPU
		{0FCC375F-7B94-405D-906D-14C62026FF19}.Release|Mixed Platforms.Build.0 = Release|Any CPU
		{0FCC375F-7B94-405D-906D-14C62026FF19}.Release|Win32.ActiveCfg = Release|Any CPU
		{0FCC375F-7B94-405D-906D-14C62026FF19}.Release|x64.ActiveCfg = Release|x64
		{0FCC375F-7B94-405D-906D-14C62026FF19}.Release|x64.Build.0 = Release|x64
		{0FCC375F-7B94-405D-906D-14C62026FF19}.Release|x86.ActiveCfg = Release|Any CPU
		{C30930D3-B670-4BA1-BD02-D6CE7F914AF4}.Debug|Any CPU.ActiveCfg = Debug
		{C30930D3-B670-4BA1-BD02-D6CE7F914AF4}.Debug|Any CPU.Build.0 = Debug
		{C30930D3-B670-4BA1-BD02-D6CE7F914AF4}.Debug|Mixed Platforms.ActiveCfg = Debug
		{C30930D3-B670-4BA1-BD02-D6CE7F914AF4}.Debug|Win32.ActiveCfg = Debug
		{C30930D3-B670-4BA1-BD02-D6CE7F914AF4}.Debug|Win32.Build.0 = Debug
		{C30930D3-B670-4BA1-BD02-D6CE7F914AF4}.Debug|x64.ActiveCfg = Debug
		{C30930D3-B670-4BA1-BD02-D6CE7F914AF4}.Debug|x64.Build.0 = Debug
		{C30930D3-B670-4BA1-BD02-D6CE7F914AF4}.Debug|x86.ActiveCfg = Debug
		{C30930D3-B670-4BA1-BD02-D6CE7F914AF4}.Debug|x86.Build.0 = Debug
		{C30930D3-B670-4BA1-BD02-D6CE7F914AF4}.Release|Any CPU.ActiveCfg = Release
		{C30930D3-B670-4BA1-BD02-D6CE7F914AF4}.Release|Mixed Platforms.ActiveCfg = Release
		{C30930D3-B670-4BA1-BD02-D6CE7F914AF4}.Release|Mixed Platforms.Build.0 = Release
		{C30930D3-B670-4BA1-BD02-D6CE7F914AF4}.Release|Win32.ActiveCfg = Release
		{C30930D3-B670-4BA1-BD02-D6CE7F914AF4}.Release|Win32.Build.0 = Release
		{C30930D3-B670-4BA1-BD02-D6CE7F914AF4}.Release|x64.ActiveCfg = Release
		{C30930D3-B670-4BA1-BD02-D6CE7F914AF4}.Release|x64.Build.0 = Release
		{C30930D3-B670-4BA1-BD02-D6CE7F914AF4}.Release|x86.ActiveCfg = Release
		{C30930D3-B670-4BA1-BD02-D6CE7F914AF4}.Release|x86.Build.0 = Release
		{5FEC8EE6-3BC1-425D-8398-0D605622A2E2}.Debug|Any CPU.ActiveCfg = Debug
		{5FEC8EE6-3BC1-425D-8398-0D605622A2E2}.Debug|Mixed Platforms.ActiveCfg = Release
		{5FEC8EE6-3BC1-425D-8398-0D605622A2E2}.Debug|Win32.ActiveCfg = Debug
		{5FEC8EE6-3BC1-425D-8398-0D605622A2E2}.Debug|Win32.Build.0 = Debug
		{5FEC8EE6-3BC1-425D-8398-0D605622A2E2}.Debug|x64.ActiveCfg = Debug
		{5FEC8EE6-3BC1-425D-8398-0D605622A2E2}.Debug|x64.Build.0 = Debug
		{5FEC8EE6-3BC1-425D-8398-0D605622A2E2}.Debug|x86.ActiveCfg = Debug
		{5FEC8EE6-3BC1-425D-8398-0D605622A2E2}.Debug|x86.Build.0 = Debug
		{5FEC8EE6-3BC1-425D-8398-0D605622A2E2}.Release|Any CPU.ActiveCfg = Release
		{5FEC8EE6-3BC1-425D-8398-0D605622A2E2}.Release|Mixed Platforms.ActiveCfg = Release
		{5FEC8EE6-3BC1-425D-8398-0D605622A2E2}.Release|Mixed Platforms.Build.0 = Release
		{5FEC8EE6-3BC1-425D-8398-0D605622A2E2}.Release|Win32.ActiveCfg = Release
		{5FEC8EE6-3BC1-425D-8398-0D605622A2E2}.Release|Win32.Build.0 = Release
		{5FEC8EE6-3BC1-425D-8398-0D605622A2E2}.Release|x64.ActiveCfg = Release
		{5FEC8EE6-3BC1-425D-8398-0D605622A2E2}.Release|x64.Build.0 = Release
		{5FEC8EE6-3BC1-425D-8398-0D605622A2E2}.Release|x86.ActiveCfg = Release
		{5FEC8EE6-3BC1-425D-8398-0D605622A2E2}.Release|x86.Build.0 = Release
		{8AE3D9AB-920D-43B9-8C58-8F69B6EDB934}.Debug|Any CPU.ActiveCfg = Debug
		{8AE3D9AB-920D-43B9-8C58-8F69B6EDB934}.Debug|Mixed Platforms.ActiveCfg = Release
		{8AE3D9AB-920D-43B9-8C58-8F69B6EDB934}.Debug|Win32.ActiveCfg = Debug
		{8AE3D9AB-920D-43B9-8C58-8F69B6EDB934}.Debug|Win32.Build.0 = Debug
		{8AE3D9AB-920D-43B9-8C58-8F69B6EDB934}.Debug|x64.ActiveCfg = Debug
		{8AE3D9AB-920D-43B9-8C58-8F69B6EDB934}.Debug|x64.Build.0 = Debug
		{8AE3D9AB-920D-43B9-8C58-8F69B6EDB934}.Debug|x86.ActiveCfg = Debug
		{8AE3D9AB-920D-43B9-8C58-8F69B6EDB934}.Debug|x86.Build.0 = Debug
		{8AE3D9AB-920D-43B9-8C58-8F69B6EDB934}.Release|Any CPU.ActiveCfg = Release
		{8AE3D9AB-920D-43B9-8C58-8F69B6EDB934}.Release|Mixed Platforms.ActiveCfg = Release
		{8AE3D9AB-920D-43B9-8C58-8F69B6EDB934}.Release|Mixed Platforms.Build.0 = Release
		{8AE3D9AB-920D-43B9-8C58-8F69B6EDB934}.Release|Win32.ActiveCfg = Release
		{8AE3D9AB-920D-43B9-8C58-8F69B6EDB934}.Release|Win32.Build.0 = Release
		{8AE3D9AB-920D-43B9-8C58-8F69B6EDB934}.Release|x64.ActiveCfg = Release
		{8AE3D9AB-920D-43B9-8C58-8F69B6EDB934}.Release|x64.Build.0 = Release
		{8AE3D9AB-920D-43B9-8C58-8F69B6EDB934}.Release|x86.ActiveCfg = Release
		{8AE3D9AB-920D-43B9-8C58-8F69B6EDB934}.Release|x86.Build.0 = Release
		{F1E0D37B-81FC-4696-B96C-E9A10DAFF6E9}.Debug|Any CPU.ActiveCfg = Debug|Any CPU
		{F1E0D37B-81FC-4696-B96C-E9A10DAFF6E9}.Debug|Any CPU.Build.0 = Debug|Any CPU
		{F1E0D37B-81FC-4696-B96C-E9A10DAFF6E9}.Debug|Mixed Platforms.ActiveCfg = Debug|Any CPU
		{F1E0D37B-81FC-4696-B96C-E9A10DAFF6E9}.Debug|Mixed Platforms.Build.0 = Debug|Any CPU
		{F1E0D37B-81FC-4696-B96C-E9A10DAFF6E9}.Debug|Win32.ActiveCfg = Debug|Any CPU
		{F1E0D37B-81FC-4696-B96C-E9A10DAFF6E9}.Debug|x64.ActiveCfg = Debug|x64
		{F1E0D37B-81FC-4696-B96C-E9A10DAFF6E9}.Debug|x64.Build.0 = Debug|x64
		{F1E0D37B-81FC-4696-B96C-E9A10DAFF6E9}.Debug|x86.ActiveCfg = Debug|Any CPU
		{F1E0D37B-81FC-4696-B96C-E9A10DAFF6E9}.Release|Any CPU.ActiveCfg = Release|Any CPU
		{F1E0D37B-81FC-4696-B96C-E9A10DAFF6E9}.Release|Any CPU.Build.0 = Release|Any CPU
		{F1E0D37B-81FC-4696-B96C-E9A10DAFF6E9}.Release|Mixed Platforms.ActiveCfg = Release|Any CPU
		{F1E0D37B-81FC-4696-B96C-E9A10DAFF6E9}.Release|Mixed Platforms.Build.0 = Release|Any CPU
		{F1E0D37B-81FC-4696-B96C-E9A10DAFF6E9}.Release|Win32.ActiveCfg = Release|Any CPU
		{F1E0D37B-81FC-4696-B96C-E9A10DAFF6E9}.Release|x64.ActiveCfg = Release|x64
		{F1E0D37B-81FC-4696-B96C-E9A10DAFF6E9}.Release|x64.Build.0 = Release|x64
		{F1E0D37B-81FC-4696-B96C-E9A10DAFF6E9}.Release|x86.ActiveCfg = Release|Any CPU
		{E1473961-147D-4ED6-9BDE-729E0D11873A}.Debug|Any CPU.ActiveCfg = Debug|Any CPU
		{E1473961-147D-4ED6-9BDE-729E0D11873A}.Debug|Any CPU.Build.0 = Debug|Any CPU
		{E1473961-147D-4ED6-9BDE-729E0D11873A}.Debug|Mixed Platforms.ActiveCfg = Debug|Any CPU
		{E1473961-147D-4ED6-9BDE-729E0D11873A}.Debug|Mixed Platforms.Build.0 = Debug|Any CPU
		{E1473961-147D-4ED6-9BDE-729E0D11873A}.Debug|Win32.ActiveCfg = Debug|Any CPU
		{E1473961-147D-4ED6-9BDE-729E0D11873A}.Debug|x64.ActiveCfg = Debug|x64
		{E1473961-147D-4ED6-9BDE-729E0D11873A}.Debug|x64.Build.0 = Debug|x64
		{E1473961-147D-4ED6-9BDE-729E0D11873A}.Debug|x86.ActiveCfg = Debug|Any CPU
		{E1473961-147D-4ED6-9BDE-729E0D11873A}.Release|Any CPU.ActiveCfg = Release|Any CPU
		{E1473961-147D-4ED6-9BDE-729E0D11873A}.Release|Any CPU.Build.0 = Release|Any CPU
		{E1473961-147D-4ED6-9BDE-729E0D11873A}.Release|Mixed Platforms.ActiveCfg = Release|Any CPU
		{E1473961-147D-4ED6-9BDE-729E0D11873A}.Release|Mixed Platforms.Build.0 = Release|Any CPU
		{E1473961-147D-4ED6-9BDE-729E0D11873A}.Release|Win32.ActiveCfg = Release|Any CPU
		{E1473961-147D-4ED6-9BDE-729E0D11873A}.Release|x64.ActiveCfg = Release|x64
		{E1473961-147D-4ED6-9BDE-729E0D11873A}.Release|x64.Build.0 = Release|x64
		{E1473961-147D-4ED6-9BDE-729E0D11873A}.Release|x86.ActiveCfg = Release|Any CPU
		{A8B9BC20-A3DE-4618-B4FE-974120867810}.Debug|Any CPU.ActiveCfg = Debug|Any CPU
		{A8B9BC20-A3DE-4618-B4FE-974120867810}.Debug|Any CPU.Build.0 = Debug|Any CPU
		{A8B9BC20-A3DE-4618-B4FE-974120867810}.Debug|Mixed Platforms.ActiveCfg = Debug|Any CPU
		{A8B9BC20-A3DE-4618-B4FE-974120867810}.Debug|Mixed Platforms.Build.0 = Debug|Any CPU
		{A8B9BC20-A3DE-4618-B4FE-974120867810}.Debug|Win32.ActiveCfg = Debug|Any CPU
		{A8B9BC20-A3DE-4618-B4FE-974120867810}.Debug|x64.ActiveCfg = Debug|x64
		{A8B9BC20-A3DE-4618-B4FE-974120867810}.Debug|x64.Build.0 = Debug|x64
		{A8B9BC20-A3DE-4618-B4FE-974120867810}.Debug|x86.ActiveCfg = Debug|Any CPU
		{A8B9BC20-A3DE-4618-B4FE-974120867810}.Release|Any CPU.ActiveCfg = Release|Any CPU
		{A8B9BC20-A3DE-4618-B4FE-974120867810}.Release|Any CPU.Build.0 = Release|Any CPU
		{A8B9BC20-A3DE-4618-B4FE-974120867810}.Release|Mixed Platforms.ActiveCfg = Release|Any CPU
		{A8B9BC20-A3DE-4618-B4FE-974120867810}.Release|Mixed Platforms.Build.0 = Release|Any CPU
		{A8B9BC20-A3DE-4618-B4FE-974120867810}.Release|Win32.ActiveCfg = Release|Any CPU
		{A8B9BC20-A3DE-4618-B4FE-974120867810}.Release|x64.ActiveCfg = Release|x64
		{A8B9BC20-A3DE-4618-B4FE-974120867810}.Release|x64.Build.0 = Release|x64
		{A8B9BC20-A3DE-4618-B4FE-974120867810}.Release|x86.ActiveCfg = Release|Any CPU
		{377EC59B-E8E3-4866-94B0-0FC780BD1888}.Debug|Any CPU.ActiveCfg = Debug
		{377EC59B-E8E3-4866-94B0-0FC780BD1888}.Debug|Any CPU.Build.0 = Debug
		{377EC59B-E8E3-4866-94B0-0FC780BD1888}.Debug|Mixed Platforms.ActiveCfg = Debug
		{377EC59B-E8E3-4866-94B0-0FC780BD1888}.Debug|Mixed Platforms.Build.0 = Debug
		{377EC59B-E8E3-4866-94B0-0FC780BD1888}.Debug|Win32.ActiveCfg = Debug
		{377EC59B-E8E3-4866-94B0-0FC780BD1888}.Debug|Win32.Build.0 = Debug
		{377EC59B-E8E3-4866-94B0-0FC780BD1888}.Debug|x64.ActiveCfg = Debug
		{377EC59B-E8E3-4866-94B0-0FC780BD1888}.Debug|x64.Build.0 = Debug
		{377EC59B-E8E3-4866-94B0-0FC780BD1888}.Debug|x86.ActiveCfg = Debug
		{377EC59B-E8E3-4866-94B0-0FC780BD1888}.Debug|x86.Build.0 = Debug
		{377EC59B-E8E3-4866-94B0-0FC780BD1888}.Release|Any CPU.ActiveCfg = Release
		{377EC59B-E8E3-4866-94B0-0FC780BD1888}.Release|Any CPU.Build.0 = Release
		{377EC59B-E8E3-4866-94B0-0FC780BD1888}.Release|Mixed Platforms.ActiveCfg = Release
		{377EC59B-E8E3-4866-94B0-0FC780BD1888}.Release|Mixed Platforms.Build.0 = Release
		{377EC59B-E8E3-4866-94B0-0FC780BD1888}.Release|Win32.ActiveCfg = Release
		{377EC59B-E8E3-4866-94B0-0FC780BD1888}.Release|Win32.Build.0 = Release
		{377EC59B-E8E3-4866-94B0-0FC780BD1888}.Release|x64.ActiveCfg = Release
		{377EC59B-E8E3-4866-94B0-0FC780BD1888}.Release|x64.Build.0 = Release
		{377EC59B-E8E3-4866-94B0-0FC780BD1888}.Release|x86.ActiveCfg = Release
		{377EC59B-E8E3-4866-94B0-0FC780BD1888}.Release|x86.Build.0 = Release
		{9E4E9410-1628-4EEF-90B2-A721B1348252}.Debug|Any CPU.ActiveCfg = Debug|Any CPU
		{9E4E9410-1628-4EEF-90B2-A721B1348252}.Debug|Any CPU.Build.0 = Debug|Any CPU
		{9E4E9410-1628-4EEF-90B2-A721B1348252}.Debug|Mixed Platforms.ActiveCfg = Debug|Any CPU
		{9E4E9410-1628-4EEF-90B2-A721B1348252}.Debug|Mixed Platforms.Build.0 = Debug|Any CPU
		{9E4E9410-1628-4EEF-90B2-A721B1348252}.Debug|Win32.ActiveCfg = Debug|Any CPU
		{9E4E9410-1628-4EEF-90B2-A721B1348252}.Debug|x64.ActiveCfg = Debug|x64
		{9E4E9410-1628-4EEF-90B2-A721B1348252}.Debug|x64.Build.0 = Debug|x64
		{9E4E9410-1628-4EEF-90B2-A721B1348252}.Debug|x86.ActiveCfg = Debug|Any CPU
		{9E4E9410-1628-4EEF-90B2-A721B1348252}.Release|Any CPU.ActiveCfg = Release|Any CPU
		{9E4E9410-1628-4EEF-90B2-A721B1348252}.Release|Any CPU.Build.0 = Release|Any CPU
		{9E4E9410-1628-4EEF-90B2-A721B1348252}.Release|Mixed Platforms.ActiveCfg = Release|Any CPU
		{9E4E9410-1628-4EEF-90B2-A721B1348252}.Release|Mixed Platforms.Build.0 = Release|Any CPU
		{9E4E9410-1628-4EEF-90B2-A721B1348252}.Release|Win32.ActiveCfg = Release|Any CPU
		{9E4E9410-1628-4EEF-90B2-A721B1348252}.Release|x64.ActiveCfg = Release|x64
		{9E4E9410-1628-4EEF-90B2-A721B1348252}.Release|x64.Build.0 = Release|x64
		{9E4E9410-1628-4EEF-90B2-A721B1348252}.Release|x86.ActiveCfg = Release|Any CPU
		{98F8C726-17FD-4D9F-B289-BC9FBE225744}.Debug|Any CPU.ActiveCfg = Debug|Any CPU
		{98F8C726-17FD-4D9F-B289-BC9FBE225744}.Debug|Any CPU.Build.0 = Debug|Any CPU
		{98F8C726-17FD-4D9F-B289-BC9FBE225744}.Debug|Mixed Platforms.ActiveCfg = Debug|Any CPU
		{98F8C726-17FD-4D9F-B289-BC9FBE225744}.Debug|Mixed Platforms.Build.0 = Debug|Any CPU
		{98F8C726-17FD-4D9F-B289-BC9FBE225744}.Debug|Win32.ActiveCfg = Debug|Any CPU
		{98F8C726-17FD-4D9F-B289-BC9FBE225744}.Debug|x64.ActiveCfg = Debug|x64
		{98F8C726-17FD-4D9F-B289-BC9FBE225744}.Debug|x64.Build.0 = Debug|x64
		{98F8C726-17FD-4D9F-B289-BC9FBE225744}.Debug|x86.ActiveCfg = Debug|Any CPU
		{98F8C726-17FD-4D9F-B289-BC9FBE225744}.Release|Any CPU.ActiveCfg = Release|Any CPU
		{98F8C726-17FD-4D9F-B289-BC9FBE225744}.Release|Any CPU.Build.0 = Release|Any CPU
		{98F8C726-17FD-4D9F-B289-BC9FBE225744}.Release|Mixed Platforms.ActiveCfg = Release|Any CPU
		{98F8C726-17FD-4D9F-B289-BC9FBE225744}.Release|Mixed Platforms.Build.0 = Release|Any CPU
		{98F8C726-17FD-4D9F-B289-BC9FBE225744}.Release|Win32.ActiveCfg = Release|Any CPU
		{98F8C726-17FD-4D9F-B289-BC9FBE225744}.Release|x64.ActiveCfg = Release|x64
		{98F8C726-17FD-4D9F-B289-BC9FBE225744}.Release|x64.Build.0 = Release|x64
		{98F8C726-17FD-4D9F-B289-BC9FBE225744}.Release|x86.ActiveCfg = Release|Any CPU
		{517F5322-A7AF-456D-B28C-851AE40D56FB}.Debug|Any CPU.ActiveCfg = Debug|Any CPU
		{517F5322-A7AF-456D-B28C-851AE40D56FB}.Debug|Any CPU.Build.0 = Debug|Any CPU
		{517F5322-A7AF-456D-B28C-851AE40D56FB}.Debug|Mixed Platforms.ActiveCfg = Debug|Any CPU
		{517F5322-A7AF-456D-B28C-851AE40D56FB}.Debug|Mixed Platforms.Build.0 = Debug|Any CPU
		{517F5322-A7AF-456D-B28C-851AE40D56FB}.Debug|Win32.ActiveCfg = Debug|Any CPU
		{517F5322-A7AF-456D-B28C-851AE40D56FB}.Debug|x64.ActiveCfg = Debug|x64
		{517F5322-A7AF-456D-B28C-851AE40D56FB}.Debug|x64.Build.0 = Debug|x64
		{517F5322-A7AF-456D-B28C-851AE40D56FB}.Debug|x86.ActiveCfg = Debug|Any CPU
		{517F5322-A7AF-456D-B28C-851AE40D56FB}.Release|Any CPU.ActiveCfg = Release|Any CPU
		{517F5322-A7AF-456D-B28C-851AE40D56FB}.Release|Any CPU.Build.0 = Release|Any CPU
		{517F5322-A7AF-456D-B28C-851AE40D56FB}.Release|Mixed Platforms.ActiveCfg = Release|Any CPU
		{517F5322-A7AF-456D-B28C-851AE40D56FB}.Release|Mixed Platforms.Build.0 = Release|Any CPU
		{517F5322-A7AF-456D-B28C-851AE40D56FB}.Release|Win32.ActiveCfg = Release|Any CPU
		{517F5322-A7AF-456D-B28C-851AE40D56FB}.Release|x64.ActiveCfg = Release|x64
		{517F5322-A7AF-456D-B28C-851AE40D56FB}.Release|x64.Build.0 = Release|x64
		{517F5322-A7AF-456D-B28C-851AE40D56FB}.Release|x86.ActiveCfg = Release|Any CPU
		{CDDA0B7A-F569-4E1D-9BAB-ECE0F4F82803}.Debug|Any CPU.ActiveCfg = Debug|Any CPU
		{CDDA0B7A-F569-4E1D-9BAB-ECE0F4F82803}.Debug|Any CPU.Build.0 = Debug|Any CPU
		{CDDA0B7A-F569-4E1D-9BAB-ECE0F4F82803}.Debug|Mixed Platforms.ActiveCfg = Debug|Any CPU
		{CDDA0B7A-F569-4E1D-9BAB-ECE0F4F82803}.Debug|Mixed Platforms.Build.0 = Debug|Any CPU
		{CDDA0B7A-F569-4E1D-9BAB-ECE0F4F82803}.Debug|Win32.ActiveCfg = Debug|Any CPU
		{CDDA0B7A-F569-4E1D-9BAB-ECE0F4F82803}.Debug|x64.ActiveCfg = Debug|x64
		{CDDA0B7A-F569-4E1D-9BAB-ECE0F4F82803}.Debug|x64.Build.0 = Debug|x64
		{CDDA0B7A-F569-4E1D-9BAB-ECE0F4F82803}.Debug|x86.ActiveCfg = Debug|Any CPU
		{CDDA0B7A-F569-4E1D-9BAB-ECE0F4F82803}.Release|Any CPU.ActiveCfg = Release|Any CPU
		{CDDA0B7A-F569-4E1D-9BAB-ECE0F4F82803}.Release|Any CPU.Build.0 = Release|Any CPU
		{CDDA0B7A-F569-4E1D-9BAB-ECE0F4F82803}.Release|Mixed Platforms.ActiveCfg = Release|Any CPU
		{CDDA0B7A-F569-4E1D-9BAB-ECE0F4F82803}.Release|Mixed Platforms.Build.0 = Release|Any CPU
		{CDDA0B7A-F569-4E1D-9BAB-ECE0F4F82803}.Release|Win32.ActiveCfg = Release|Any CPU
		{CDDA0B7A-F569-4E1D-9BAB-ECE0F4F82803}.Release|x64.ActiveCfg = Release|x64
		{CDDA0B7A-F569-4E1D-9BAB-ECE0F4F82803}.Release|x64.Build.0 = Release|x64
		{CDDA0B7A-F569-4E1D-9BAB-ECE0F4F82803}.Release|x86.ActiveCfg = Release|Any CPU
		{55E6E2AF-DAB5-44BB-BA8C-33FE4BF1F30F}.Debug|Any CPU.ActiveCfg = Debug|Any CPU
		{55E6E2AF-DAB5-44BB-BA8C-33FE4BF1F30F}.Debug|Any CPU.Build.0 = Debug|Any CPU
		{55E6E2AF-DAB5-44BB-BA8C-33FE4BF1F30F}.Debug|Mixed Platforms.ActiveCfg = Debug|Any CPU
		{55E6E2AF-DAB5-44BB-BA8C-33FE4BF1F30F}.Debug|Mixed Platforms.Build.0 = Debug|Any CPU
		{55E6E2AF-DAB5-44BB-BA8C-33FE4BF1F30F}.Debug|Win32.ActiveCfg = Debug|Any CPU
		{55E6E2AF-DAB5-44BB-BA8C-33FE4BF1F30F}.Debug|x64.ActiveCfg = Debug|x64
		{55E6E2AF-DAB5-44BB-BA8C-33FE4BF1F30F}.Debug|x64.Build.0 = Debug|x64
		{55E6E2AF-DAB5-44BB-BA8C-33FE4BF1F30F}.Debug|x86.ActiveCfg = Debug|Any CPU
		{55E6E2AF-DAB5-44BB-BA8C-33FE4BF1F30F}.Release|Any CPU.ActiveCfg = Release|Any CPU
		{55E6E2AF-DAB5-44BB-BA8C-33FE4BF1F30F}.Release|Any CPU.Build.0 = Release|Any CPU
		{55E6E2AF-DAB5-44BB-BA8C-33FE4BF1F30F}.Release|Mixed Platforms.ActiveCfg = Release|Any CPU
		{55E6E2AF-DAB5-44BB-BA8C-33FE4BF1F30F}.Release|Mixed Platforms.Build.0 = Release|Any CPU
		{55E6E2AF-DAB5-44BB-BA8C-33FE4BF1F30F}.Release|Win32.ActiveCfg = Release|Any CPU
		{55E6E2AF-DAB5-44BB-BA8C-33FE4BF1F30F}.Release|x64.ActiveCfg = Release|x64
		{55E6E2AF-DAB5-44BB-BA8C-33FE4BF1F30F}.Release|x64.Build.0 = Release|x64
		{55E6E2AF-DAB5-44BB-BA8C-33FE4BF1F30F}.Release|x86.ActiveCfg = Release|Any CPU
		{AF1DAB71-4D28-4CA4-9829-4BEA969D3220}.Debug|Any CPU.ActiveCfg = Debug|Any CPU
		{AF1DAB71-4D28-4CA4-9829-4BEA969D3220}.Debug|Any CPU.Build.0 = Debug|Any CPU
		{AF1DAB71-4D28-4CA4-9829-4BEA969D3220}.Debug|Mixed Platforms.ActiveCfg = Debug|Any CPU
		{AF1DAB71-4D28-4CA4-9829-4BEA969D3220}.Debug|Mixed Platforms.Build.0 = Debug|Any CPU
		{AF1DAB71-4D28-4CA4-9829-4BEA969D3220}.Debug|Win32.ActiveCfg = Debug|Any CPU
		{AF1DAB71-4D28-4CA4-9829-4BEA969D3220}.Debug|x64.ActiveCfg = Debug|x64
		{AF1DAB71-4D28-4CA4-9829-4BEA969D3220}.Debug|x64.Build.0 = Debug|x64
		{AF1DAB71-4D28-4CA4-9829-4BEA969D3220}.Debug|x86.ActiveCfg = Debug|Any CPU
		{AF1DAB71-4D28-4CA4-9829-4BEA969D3220}.Release|Any CPU.ActiveCfg = Release|Any CPU
		{AF1DAB71-4D28-4CA4-9829-4BEA969D3220}.Release|Any CPU.Build.0 = Release|Any CPU
		{AF1DAB71-4D28-4CA4-9829-4BEA969D3220}.Release|Mixed Platforms.ActiveCfg = Release|Any CPU
		{AF1DAB71-4D28-4CA4-9829-4BEA969D3220}.Release|Mixed Platforms.Build.0 = Release|Any CPU
		{AF1DAB71-4D28-4CA4-9829-4BEA969D3220}.Release|Win32.ActiveCfg = Release|Any CPU
		{AF1DAB71-4D28-4CA4-9829-4BEA969D3220}.Release|x64.ActiveCfg = Release|x64
		{AF1DAB71-4D28-4CA4-9829-4BEA969D3220}.Release|x64.Build.0 = Release|x64
		{AF1DAB71-4D28-4CA4-9829-4BEA969D3220}.Release|x86.ActiveCfg = Release|Any CPU
		{9772792D-D8C9-4989-BC7B-2D9066D4CE42}.Debug|Any CPU.ActiveCfg = Debug|Any CPU
		{9772792D-D8C9-4989-BC7B-2D9066D4CE42}.Debug|Any CPU.Build.0 = Debug|Any CPU
		{9772792D-D8C9-4989-BC7B-2D9066D4CE42}.Debug|Mixed Platforms.ActiveCfg = Debug|Any CPU
		{9772792D-D8C9-4989-BC7B-2D9066D4CE42}.Debug|Mixed Platforms.Build.0 = Debug|Any CPU
		{9772792D-D8C9-4989-BC7B-2D9066D4CE42}.Debug|Win32.ActiveCfg = Debug|Any CPU
		{9772792D-D8C9-4989-BC7B-2D9066D4CE42}.Debug|x64.ActiveCfg = Debug|x64
		{9772792D-D8C9-4989-BC7B-2D9066D4CE42}.Debug|x64.Build.0 = Debug|x64
		{9772792D-D8C9-4989-BC7B-2D9066D4CE42}.Debug|x86.ActiveCfg = Debug|Any CPU
		{9772792D-D8C9-4989-BC7B-2D9066D4CE42}.Release|Any CPU.ActiveCfg = Release|Any CPU
		{9772792D-D8C9-4989-BC7B-2D9066D4CE42}.Release|Any CPU.Build.0 = Release|Any CPU
		{9772792D-D8C9-4989-BC7B-2D9066D4CE42}.Release|Mixed Platforms.ActiveCfg = Release|Any CPU
		{9772792D-D8C9-4989-BC7B-2D9066D4CE42}.Release|Mixed Platforms.Build.0 = Release|Any CPU
		{9772792D-D8C9-4989-BC7B-2D9066D4CE42}.Release|Win32.ActiveCfg = Release|Any CPU
		{9772792D-D8C9-4989-BC7B-2D9066D4CE42}.Release|x64.ActiveCfg = Release|x64
		{9772792D-D8C9-4989-BC7B-2D9066D4CE42}.Release|x64.Build.0 = Release|x64
		{9772792D-D8C9-4989-BC7B-2D9066D4CE42}.Release|x86.ActiveCfg = Release|Any CPU
		{35122881-A7D3-4529-A6BA-E7C433654F02}.Debug|Any CPU.ActiveCfg = Debug|Any CPU
		{35122881-A7D3-4529-A6BA-E7C433654F02}.Debug|Any CPU.Build.0 = Debug|Any CPU
		{35122881-A7D3-4529-A6BA-E7C433654F02}.Debug|Mixed Platforms.ActiveCfg = Debug|Any CPU
		{35122881-A7D3-4529-A6BA-E7C433654F02}.Debug|Mixed Platforms.Build.0 = Debug|Any CPU
		{35122881-A7D3-4529-A6BA-E7C433654F02}.Debug|Win32.ActiveCfg = Debug|Any CPU
		{35122881-A7D3-4529-A6BA-E7C433654F02}.Debug|x64.ActiveCfg = Debug|x64
		{35122881-A7D3-4529-A6BA-E7C433654F02}.Debug|x64.Build.0 = Debug|x64
		{35122881-A7D3-4529-A6BA-E7C433654F02}.Debug|x86.ActiveCfg = Debug|Any CPU
		{35122881-A7D3-4529-A6BA-E7C433654F02}.Release|Any CPU.ActiveCfg = Release|Any CPU
		{35122881-A7D3-4529-A6BA-E7C433654F02}.Release|Any CPU.Build.0 = Release|Any CPU
		{35122881-A7D3-4529-A6BA-E7C433654F02}.Release|Mixed Platforms.ActiveCfg = Release|Any CPU
		{35122881-A7D3-4529-A6BA-E7C433654F02}.Release|Mixed Platforms.Build.0 = Release|Any CPU
		{35122881-A7D3-4529-A6BA-E7C433654F02}.Release|Win32.ActiveCfg = Release|Any CPU
		{35122881-A7D3-4529-A6BA-E7C433654F02}.Release|x64.ActiveCfg = Release|x64
		{35122881-A7D3-4529-A6BA-E7C433654F02}.Release|x64.Build.0 = Release|x64
		{35122881-A7D3-4529-A6BA-E7C433654F02}.Release|x86.ActiveCfg = Release|Any CPU
		{60E275E1-4187-4294-B1D9-616980B12D8E}.Debug|Any CPU.ActiveCfg = Debug|Any CPU
		{60E275E1-4187-4294-B1D9-616980B12D8E}.Debug|Any CPU.Build.0 = Debug|Any CPU
		{60E275E1-4187-4294-B1D9-616980B12D8E}.Debug|Mixed Platforms.ActiveCfg = Debug|Any CPU
		{60E275E1-4187-4294-B1D9-616980B12D8E}.Debug|Mixed Platforms.Build.0 = Debug|Any CPU
		{60E275E1-4187-4294-B1D9-616980B12D8E}.Debug|Win32.ActiveCfg = Debug|Any CPU
		{60E275E1-4187-4294-B1D9-616980B12D8E}.Debug|x64.ActiveCfg = Debug|x64
		{60E275E1-4187-4294-B1D9-616980B12D8E}.Debug|x64.Build.0 = Debug|x64
		{60E275E1-4187-4294-B1D9-616980B12D8E}.Debug|x86.ActiveCfg = Debug|Any CPU
		{60E275E1-4187-4294-B1D9-616980B12D8E}.Release|Any CPU.ActiveCfg = Release|Any CPU
		{60E275E1-4187-4294-B1D9-616980B12D8E}.Release|Any CPU.Build.0 = Release|Any CPU
		{60E275E1-4187-4294-B1D9-616980B12D8E}.Release|Mixed Platforms.ActiveCfg = Release|Any CPU
		{60E275E1-4187-4294-B1D9-616980B12D8E}.Release|Mixed Platforms.Build.0 = Release|Any CPU
		{60E275E1-4187-4294-B1D9-616980B12D8E}.Release|Win32.ActiveCfg = Release|Any CPU
		{60E275E1-4187-4294-B1D9-616980B12D8E}.Release|x64.ActiveCfg = Release|x64
		{60E275E1-4187-4294-B1D9-616980B12D8E}.Release|x64.Build.0 = Release|x64
		{60E275E1-4187-4294-B1D9-616980B12D8E}.Release|x86.ActiveCfg = Release|Any CPU
		{20A31C06-9280-4C80-BBCA-17DB78CDB706}.Debug|Any CPU.ActiveCfg = Debug|Any CPU
		{20A31C06-9280-4C80-BBCA-17DB78CDB706}.Debug|Any CPU.Build.0 = Debug|Any CPU
		{20A31C06-9280-4C80-BBCA-17DB78CDB706}.Debug|Mixed Platforms.ActiveCfg = Debug|Any CPU
		{20A31C06-9280-4C80-BBCA-17DB78CDB706}.Debug|Mixed Platforms.Build.0 = Debug|Any CPU
		{20A31C06-9280-4C80-BBCA-17DB78CDB706}.Debug|Win32.ActiveCfg = Debug|Any CPU
		{20A31C06-9280-4C80-BBCA-17DB78CDB706}.Debug|x64.ActiveCfg = Debug|x64
		{20A31C06-9280-4C80-BBCA-17DB78CDB706}.Debug|x64.Build.0 = Debug|x64
		{20A31C06-9280-4C80-BBCA-17DB78CDB706}.Debug|x86.ActiveCfg = Debug|Any CPU
		{20A31C06-9280-4C80-BBCA-17DB78CDB706}.Release|Any CPU.ActiveCfg = Release|Any CPU
		{20A31C06-9280-4C80-BBCA-17DB78CDB706}.Release|Any CPU.Build.0 = Release|Any CPU
		{20A31C06-9280-4C80-BBCA-17DB78CDB706}.Release|Mixed Platforms.ActiveCfg = Release|Any CPU
		{20A31C06-9280-4C80-BBCA-17DB78CDB706}.Release|Mixed Platforms.Build.0 = Release|Any CPU
		{20A31C06-9280-4C80-BBCA-17DB78CDB706}.Release|Win32.ActiveCfg = Release|Any CPU
		{20A31C06-9280-4C80-BBCA-17DB78CDB706}.Release|x64.ActiveCfg = Release|x64
		{20A31C06-9280-4C80-BBCA-17DB78CDB706}.Release|x64.Build.0 = Release|x64
		{20A31C06-9280-4C80-BBCA-17DB78CDB706}.Release|x86.ActiveCfg = Release|Any CPU
		{27666EBF-82F7-4365-A0DD-193A42ED62D0}.Debug|Any CPU.ActiveCfg = Debug|Any CPU
		{27666EBF-82F7-4365-A0DD-193A42ED62D0}.Debug|Any CPU.Build.0 = Debug|Any CPU
		{27666EBF-82F7-4365-A0DD-193A42ED62D0}.Debug|Mixed Platforms.ActiveCfg = Debug|Any CPU
		{27666EBF-82F7-4365-A0DD-193A42ED62D0}.Debug|Mixed Platforms.Build.0 = Debug|Any CPU
		{27666EBF-82F7-4365-A0DD-193A42ED62D0}.Debug|Win32.ActiveCfg = Debug|x86
		{27666EBF-82F7-4365-A0DD-193A42ED62D0}.Debug|x64.ActiveCfg = Debug|x64
		{27666EBF-82F7-4365-A0DD-193A42ED62D0}.Debug|x64.Build.0 = Debug|x64
		{27666EBF-82F7-4365-A0DD-193A42ED62D0}.Debug|x86.ActiveCfg = Debug|x86
		{27666EBF-82F7-4365-A0DD-193A42ED62D0}.Debug|x86.Build.0 = Debug|x86
		{27666EBF-82F7-4365-A0DD-193A42ED62D0}.Release|Any CPU.ActiveCfg = Release|Any CPU
		{27666EBF-82F7-4365-A0DD-193A42ED62D0}.Release|Any CPU.Build.0 = Release|Any CPU
		{27666EBF-82F7-4365-A0DD-193A42ED62D0}.Release|Mixed Platforms.ActiveCfg = Release|x86
		{27666EBF-82F7-4365-A0DD-193A42ED62D0}.Release|Mixed Platforms.Build.0 = Release|x86
		{27666EBF-82F7-4365-A0DD-193A42ED62D0}.Release|Win32.ActiveCfg = Release|x86
		{27666EBF-82F7-4365-A0DD-193A42ED62D0}.Release|x64.ActiveCfg = Release|x64
		{27666EBF-82F7-4365-A0DD-193A42ED62D0}.Release|x64.Build.0 = Release|x64
		{27666EBF-82F7-4365-A0DD-193A42ED62D0}.Release|x86.ActiveCfg = Release|x86
		{27666EBF-82F7-4365-A0DD-193A42ED62D0}.Release|x86.Build.0 = Release|x86
		{F0795E53-3398-415E-B304-0D7C2DD09A12}.Debug|Any CPU.ActiveCfg = Debug
		{F0795E53-3398-415E-B304-0D7C2DD09A12}.Debug|Mixed Platforms.ActiveCfg = Debug
		{F0795E53-3398-415E-B304-0D7C2DD09A12}.Debug|Win32.ActiveCfg = Debug
		{F0795E53-3398-415E-B304-0D7C2DD09A12}.Debug|Win32.Build.0 = Debug
		{F0795E53-3398-415E-B304-0D7C2DD09A12}.Debug|x64.ActiveCfg = Debug
		{F0795E53-3398-415E-B304-0D7C2DD09A12}.Debug|x64.Build.0 = Debug
		{F0795E53-3398-415E-B304-0D7C2DD09A12}.Debug|x86.ActiveCfg = Debug
		{F0795E53-3398-415E-B304-0D7C2DD09A12}.Debug|x86.Build.0 = Debug
		{F0795E53-3398-415E-B304-0D7C2DD09A12}.Release|Any CPU.ActiveCfg = Release
		{F0795E53-3398-415E-B304-0D7C2DD09A12}.Release|Any CPU.Build.0 = Release
		{F0795E53-3398-415E-B304-0D7C2DD09A12}.Release|Mixed Platforms.ActiveCfg = Release
		{F0795E53-3398-415E-B304-0D7C2DD09A12}.Release|Mixed Platforms.Build.0 = Release
		{F0795E53-3398-415E-B304-0D7C2DD09A12}.Release|Win32.ActiveCfg = Release
		{F0795E53-3398-415E-B304-0D7C2DD09A12}.Release|Win32.Build.0 = Release
		{F0795E53-3398-415E-B304-0D7C2DD09A12}.Release|x64.ActiveCfg = Release
		{F0795E53-3398-415E-B304-0D7C2DD09A12}.Release|x64.Build.0 = Release
		{F0795E53-3398-415E-B304-0D7C2DD09A12}.Release|x86.ActiveCfg = Release
		{F0795E53-3398-415E-B304-0D7C2DD09A12}.Release|x86.Build.0 = Release
		{538553F6-F4CA-4790-9D65-13DB22E9680F}.Debug|Any CPU.ActiveCfg = Debug|Any CPU
		{538553F6-F4CA-4790-9D65-13DB22E9680F}.Debug|Any CPU.Build.0 = Debug|Any CPU
		{538553F6-F4CA-4790-9D65-13DB22E9680F}.Debug|Mixed Platforms.ActiveCfg = Debug|Any CPU
		{538553F6-F4CA-4790-9D65-13DB22E9680F}.Debug|Mixed Platforms.Build.0 = Debug|Any CPU
		{538553F6-F4CA-4790-9D65-13DB22E9680F}.Debug|Win32.ActiveCfg = Debug|Any CPU
		{538553F6-F4CA-4790-9D65-13DB22E9680F}.Debug|x64.ActiveCfg = Debug|x64
		{538553F6-F4CA-4790-9D65-13DB22E9680F}.Debug|x64.Build.0 = Debug|x64
		{538553F6-F4CA-4790-9D65-13DB22E9680F}.Debug|x86.ActiveCfg = Debug|Any CPU
		{538553F6-F4CA-4790-9D65-13DB22E9680F}.Release|Any CPU.ActiveCfg = Release|Any CPU
		{538553F6-F4CA-4790-9D65-13DB22E9680F}.Release|Any CPU.Build.0 = Release|Any CPU
		{538553F6-F4CA-4790-9D65-13DB22E9680F}.Release|Mixed Platforms.ActiveCfg = Release|Any CPU
		{538553F6-F4CA-4790-9D65-13DB22E9680F}.Release|Mixed Platforms.Build.0 = Release|Any CPU
		{538553F6-F4CA-4790-9D65-13DB22E9680F}.Release|Win32.ActiveCfg = Release|Any CPU
		{538553F6-F4CA-4790-9D65-13DB22E9680F}.Release|x64.ActiveCfg = Release|x64
		{538553F6-F4CA-4790-9D65-13DB22E9680F}.Release|x64.Build.0 = Release|x64
		{538553F6-F4CA-4790-9D65-13DB22E9680F}.Release|x86.ActiveCfg = Release|Any CPU
		{D20CD6BD-5FFA-4880-A8C4-88CBFD8DFAFD}.Debug|Any CPU.ActiveCfg = Debug|Any CPU
		{D20CD6BD-5FFA-4880-A8C4-88CBFD8DFAFD}.Debug|Any CPU.Build.0 = Debug|Any CPU
		{D20CD6BD-5FFA-4880-A8C4-88CBFD8DFAFD}.Debug|Mixed Platforms.ActiveCfg = Debug|Any CPU
		{D20CD6BD-5FFA-4880-A8C4-88CBFD8DFAFD}.Debug|Mixed Platforms.Build.0 = Debug|Any CPU
		{D20CD6BD-5FFA-4880-A8C4-88CBFD8DFAFD}.Debug|Win32.ActiveCfg = Debug|Any CPU
		{D20CD6BD-5FFA-4880-A8C4-88CBFD8DFAFD}.Debug|x64.ActiveCfg = Debug|x64
		{D20CD6BD-5FFA-4880-A8C4-88CBFD8DFAFD}.Debug|x64.Build.0 = Debug|x64
		{D20CD6BD-5FFA-4880-A8C4-88CBFD8DFAFD}.Debug|x86.ActiveCfg = Debug|Any CPU
		{D20CD6BD-5FFA-4880-A8C4-88CBFD8DFAFD}.Release|Any CPU.ActiveCfg = Release|Any CPU
		{D20CD6BD-5FFA-4880-A8C4-88CBFD8DFAFD}.Release|Any CPU.Build.0 = Release|Any CPU
		{D20CD6BD-5FFA-4880-A8C4-88CBFD8DFAFD}.Release|Mixed Platforms.ActiveCfg = Release|Any CPU
		{D20CD6BD-5FFA-4880-A8C4-88CBFD8DFAFD}.Release|Mixed Platforms.Build.0 = Release|Any CPU
		{D20CD6BD-5FFA-4880-A8C4-88CBFD8DFAFD}.Release|Win32.ActiveCfg = Release|Any CPU
		{D20CD6BD-5FFA-4880-A8C4-88CBFD8DFAFD}.Release|x64.ActiveCfg = Release|x64
		{D20CD6BD-5FFA-4880-A8C4-88CBFD8DFAFD}.Release|x64.Build.0 = Release|x64
		{D20CD6BD-5FFA-4880-A8C4-88CBFD8DFAFD}.Release|x86.ActiveCfg = Release|Any CPU
		{51D4AA11-9936-4DCE-BA9A-4FEB92795D80}.Debug|Any CPU.ActiveCfg = Debug|Any CPU
		{51D4AA11-9936-4DCE-BA9A-4FEB92795D80}.Debug|Any CPU.Build.0 = Debug|Any CPU
		{51D4AA11-9936-4DCE-BA9A-4FEB92795D80}.Debug|Mixed Platforms.ActiveCfg = Debug|Any CPU
		{51D4AA11-9936-4DCE-BA9A-4FEB92795D80}.Debug|Mixed Platforms.Build.0 = Debug|Any CPU
		{51D4AA11-9936-4DCE-BA9A-4FEB92795D80}.Debug|Win32.ActiveCfg = Debug|Any CPU
		{51D4AA11-9936-4DCE-BA9A-4FEB92795D80}.Debug|x64.ActiveCfg = Debug|Any CPU
		{51D4AA11-9936-4DCE-BA9A-4FEB92795D80}.Debug|x86.ActiveCfg = Debug|Any CPU
		{51D4AA11-9936-4DCE-BA9A-4FEB92795D80}.Release|Any CPU.ActiveCfg = Release|Any CPU
		{51D4AA11-9936-4DCE-BA9A-4FEB92795D80}.Release|Any CPU.Build.0 = Release|Any CPU
		{51D4AA11-9936-4DCE-BA9A-4FEB92795D80}.Release|Mixed Platforms.ActiveCfg = Release|Any CPU
		{51D4AA11-9936-4DCE-BA9A-4FEB92795D80}.Release|Mixed Platforms.Build.0 = Release|Any CPU
		{51D4AA11-9936-4DCE-BA9A-4FEB92795D80}.Release|Win32.ActiveCfg = Release|Any CPU
		{51D4AA11-9936-4DCE-BA9A-4FEB92795D80}.Release|x64.ActiveCfg = Release|Any CPU
		{51D4AA11-9936-4DCE-BA9A-4FEB92795D80}.Release|x86.ActiveCfg = Release|Any CPU
		{3901AC54-8065-4701-9070-6F8AFDF8BB9B}.Debug|Any CPU.ActiveCfg = Debug|Any CPU
		{3901AC54-8065-4701-9070-6F8AFDF8BB9B}.Debug|Any CPU.Build.0 = Debug|Any CPU
		{3901AC54-8065-4701-9070-6F8AFDF8BB9B}.Debug|Mixed Platforms.ActiveCfg = Debug|Any CPU
		{3901AC54-8065-4701-9070-6F8AFDF8BB9B}.Debug|Mixed Platforms.Build.0 = Debug|Any CPU
		{3901AC54-8065-4701-9070-6F8AFDF8BB9B}.Debug|Win32.ActiveCfg = Debug|x64
		{3901AC54-8065-4701-9070-6F8AFDF8BB9B}.Debug|x64.ActiveCfg = Debug|x64
		{3901AC54-8065-4701-9070-6F8AFDF8BB9B}.Debug|x64.Build.0 = Debug|x64
		{3901AC54-8065-4701-9070-6F8AFDF8BB9B}.Debug|x86.ActiveCfg = Debug|x64
		{3901AC54-8065-4701-9070-6F8AFDF8BB9B}.Release|Any CPU.ActiveCfg = Release|Any CPU
		{3901AC54-8065-4701-9070-6F8AFDF8BB9B}.Release|Any CPU.Build.0 = Release|Any CPU
		{3901AC54-8065-4701-9070-6F8AFDF8BB9B}.Release|Mixed Platforms.ActiveCfg = Release|x64
		{3901AC54-8065-4701-9070-6F8AFDF8BB9B}.Release|Mixed Platforms.Build.0 = Release|x64
		{3901AC54-8065-4701-9070-6F8AFDF8BB9B}.Release|Win32.ActiveCfg = Release|x64
		{3901AC54-8065-4701-9070-6F8AFDF8BB9B}.Release|x64.ActiveCfg = Release|x64
		{3901AC54-8065-4701-9070-6F8AFDF8BB9B}.Release|x64.Build.0 = Release|x64
		{3901AC54-8065-4701-9070-6F8AFDF8BB9B}.Release|x86.ActiveCfg = Release|x64
		{0615AF95-C2B6-41FB-AB51-681AEFBB2B55}.Debug|Any CPU.ActiveCfg = Debug
		{0615AF95-C2B6-41FB-AB51-681AEFBB2B55}.Debug|Any CPU.Build.0 = Debug
		{0615AF95-C2B6-41FB-AB51-681AEFBB2B55}.Debug|Mixed Platforms.ActiveCfg = Debug
		{0615AF95-C2B6-41FB-AB51-681AEFBB2B55}.Debug|Win32.ActiveCfg = Debug
		{0615AF95-C2B6-41FB-AB51-681AEFBB2B55}.Debug|Win32.Build.0 = Debug
		{0615AF95-C2B6-41FB-AB51-681AEFBB2B55}.Debug|x64.ActiveCfg = Debug
		{0615AF95-C2B6-41FB-AB51-681AEFBB2B55}.Debug|x64.Build.0 = Debug
		{0615AF95-C2B6-41FB-AB51-681AEFBB2B55}.Debug|x86.ActiveCfg = Debug
		{0615AF95-C2B6-41FB-AB51-681AEFBB2B55}.Debug|x86.Build.0 = Debug
		{0615AF95-C2B6-41FB-AB51-681AEFBB2B55}.Release|Any CPU.ActiveCfg = Release
		{0615AF95-C2B6-41FB-AB51-681AEFBB2B55}.Release|Any CPU.Build.0 = Release
		{0615AF95-C2B6-41FB-AB51-681AEFBB2B55}.Release|Mixed Platforms.ActiveCfg = Release
		{0615AF95-C2B6-41FB-AB51-681AEFBB2B55}.Release|Mixed Platforms.Build.0 = Release
		{0615AF95-C2B6-41FB-AB51-681AEFBB2B55}.Release|Win32.ActiveCfg = Release
		{0615AF95-C2B6-41FB-AB51-681AEFBB2B55}.Release|Win32.Build.0 = Release
		{0615AF95-C2B6-41FB-AB51-681AEFBB2B55}.Release|x64.ActiveCfg = Release
		{0615AF95-C2B6-41FB-AB51-681AEFBB2B55}.Release|x64.Build.0 = Release
		{0615AF95-C2B6-41FB-AB51-681AEFBB2B55}.Release|x86.ActiveCfg = Release
		{0615AF95-C2B6-41FB-AB51-681AEFBB2B55}.Release|x86.Build.0 = Release
	EndGlobalSection
	GlobalSection(SolutionProperties) = preSolution
		HideSolutionNode = FALSE
	EndGlobalSection
	GlobalSection(NestedProjects) = preSolution
		{42725B19-7C6C-47BF-87C5-500D7385F3C9} = {57322BB3-5E56-4351-A942-592D9AAF1549}
		{A5A2CE71-8230-4E2C-A6ED-890EFE69CAAD} = {57322BB3-5E56-4351-A942-592D9AAF1549}
		{9E4E9410-1628-4EEF-90B2-A721B1348252} = {57322BB3-5E56-4351-A942-592D9AAF1549}
		{98F8C726-17FD-4D9F-B289-BC9FBE225744} = {57322BB3-5E56-4351-A942-592D9AAF1549}
		{517F5322-A7AF-456D-B28C-851AE40D56FB} = {57322BB3-5E56-4351-A942-592D9AAF1549}
		{F9C7A2DE-CA47-4650-A8D7-59B5BDF014EB} = {57322BB3-5E56-4351-A942-592D9AAF1549}
		{A0C586D7-EC26-4903-8438-C76F17CE6D08} = {16D17518-833D-4C97-ACEA-E866173C8697}
		{5C9EF07F-38E2-4588-8698-332F394AF251} = {16D17518-833D-4C97-ACEA-E866173C8697}
		{27666EBF-82F7-4365-A0DD-193A42ED62D0} = {16D17518-833D-4C97-ACEA-E866173C8697}
		{51D4AA11-9936-4DCE-BA9A-4FEB92795D80} = {16D17518-833D-4C97-ACEA-E866173C8697}
		{46AD4DE5-49D0-49E3-8F88-4B8D22B98E0C} = {D2A3FA7A-905E-43C7-85AB-7C47DC24084F}
		{E4EB4916-DCB8-42DA-85CB-CD2010423702} = {D2A3FA7A-905E-43C7-85AB-7C47DC24084F}
		{0A1DD88D-B179-4376-B230-8B017E0BA105} = {D2A3FA7A-905E-43C7-85AB-7C47DC24084F}
		{D9901610-9323-40CB-9C6D-D04A5370245A} = {D2A3FA7A-905E-43C7-85AB-7C47DC24084F}
		{3345127E-E56E-494D-AE65-07C7E7CA5F76} = {D2A3FA7A-905E-43C7-85AB-7C47DC24084F}
		{3901AC54-8065-4701-9070-6F8AFDF8BB9B} = {D2A3FA7A-905E-43C7-85AB-7C47DC24084F}
		{4241C75C-CCDF-43C3-AEFC-D9C83BCDD1AF} = {CB8155FD-0783-4DBA-8B30-DCF53BE1D18A}
		{111A6285-034E-4B1C-85C1-EC3C6734CC3B} = {CB8155FD-0783-4DBA-8B30-DCF53BE1D18A}
		{E58DD386-DB54-46D4-A222-964FB96B20B3} = {CB8155FD-0783-4DBA-8B30-DCF53BE1D18A}
		{DB8A2309-8B57-4F25-B210-46B79DD17C4E} = {CB8155FD-0783-4DBA-8B30-DCF53BE1D18A}
		{6FFDFC7D-AA91-45EA-9C1F-7A80CA6A25B1} = {CB8155FD-0783-4DBA-8B30-DCF53BE1D18A}
		{479A6871-56E1-4C1B-8574-23734A2050C2} = {CB8155FD-0783-4DBA-8B30-DCF53BE1D18A}
		{0FCC375F-7B94-405D-906D-14C62026FF19} = {CB8155FD-0783-4DBA-8B30-DCF53BE1D18A}
		{F1E0D37B-81FC-4696-B96C-E9A10DAFF6E9} = {CB8155FD-0783-4DBA-8B30-DCF53BE1D18A}
		{E1473961-147D-4ED6-9BDE-729E0D11873A} = {CB8155FD-0783-4DBA-8B30-DCF53BE1D18A}
		{0B45D491-6275-4CAB-94BE-221C315D4CDF} = {CB8155FD-0783-4DBA-8B30-DCF53BE1D18A}
		{A8B9BC20-A3DE-4618-B4FE-974120867810} = {7176513E-C9BB-4A9B-BA98-824C5B2D6F52}
		{AF1DAB71-4D28-4CA4-9829-4BEA969D3220} = {7176513E-C9BB-4A9B-BA98-824C5B2D6F52}
		{C138351F-E4D5-4512-A868-678035EF592D} = {7176513E-C9BB-4A9B-BA98-824C5B2D6F52}
		{5FEC8EE6-3BC1-425D-8398-0D605622A2E2} = {4551F56F-C901-4BDF-9867-243D6FE72A84}
		{8AE3D9AB-920D-43B9-8C58-8F69B6EDB934} = {4551F56F-C901-4BDF-9867-243D6FE72A84}
		{377EC59B-E8E3-4866-94B0-0FC780BD1888} = {4551F56F-C901-4BDF-9867-243D6FE72A84}
		{C30930D3-B670-4BA1-BD02-D6CE7F914AF4} = {4551F56F-C901-4BDF-9867-243D6FE72A84}
		{F0795E53-3398-415E-B304-0D7C2DD09A12} = {4551F56F-C901-4BDF-9867-243D6FE72A84}
		{0615AF95-C2B6-41FB-AB51-681AEFBB2B55} = {4551F56F-C901-4BDF-9867-243D6FE72A84}
		{55E6E2AF-DAB5-44BB-BA8C-33FE4BF1F30F} = {EBDA1BF8-1DCD-4051-865F-E883E4F8921F}
		{CDDA0B7A-F569-4E1D-9BAB-ECE0F4F82803} = {EBDA1BF8-1DCD-4051-865F-E883E4F8921F}
		{9772792D-D8C9-4989-BC7B-2D9066D4CE42} = {E7879510-BDFD-4B94-B71C-9106A5E20B81}
		{35122881-A7D3-4529-A6BA-E7C433654F02} = {E7879510-BDFD-4B94-B71C-9106A5E20B81}
		{60E275E1-4187-4294-B1D9-616980B12D8E} = {E7879510-BDFD-4B94-B71C-9106A5E20B81}
		{20A31C06-9280-4C80-BBCA-17DB78CDB706} = {E7879510-BDFD-4B94-B71C-9106A5E20B81}
		{538553F6-F4CA-4790-9D65-13DB22E9680F} = {E440FD27-3591-4682-A0A3-9FA615C84126}
		{D20CD6BD-5FFA-4880-A8C4-88CBFD8DFAFD} = {E440FD27-3591-4682-A0A3-9FA615C84126}
	EndGlobalSection
EndGlobal
